// !$*UTF8*$!
{
	archiveVersion = 1;
	classes = {
	};
	objectVersion = 51;
	objects = {

/* Begin PBXBuildFile section */
		55B8F24924C924FC0066A9E3 /* NetworkingError.swift in Sources */ = {isa = PBXBuildFile; fileRef = 55B8F24824C924FC0066A9E3 /* NetworkingError.swift */; };
		55B8F24C24C9C9A20066A9E3 /* NetworkOperation.swift in Sources */ = {isa = PBXBuildFile; fileRef = 55B8F24B24C9C9A20066A9E3 /* NetworkOperation.swift */; };
		55B8F24F24C9CB490066A9E3 /* MockSerializer.swift in Sources */ = {isa = PBXBuildFile; fileRef = 55B8F24E24C9CB490066A9E3 /* MockSerializer.swift */; };
		55CED0BA24CB843800A2AAE2 /* PostPresentationResponseOperationTests.swift in Sources */ = {isa = PBXBuildFile; fileRef = 55CED0B924CB843800A2AAE2 /* PostPresentationResponseOperationTests.swift */; };
		55CED0BF24CCB17500A2AAE2 /* NetworkingConstants.swift in Sources */ = {isa = PBXBuildFile; fileRef = 55CED0BE24CCB17500A2AAE2 /* NetworkingConstants.swift */; };
		55CED0CB24CCD50F00A2AAE2 /* PostPresentationResponseOperation.swift in Sources */ = {isa = PBXBuildFile; fileRef = 55CED0CA24CCD50F00A2AAE2 /* PostPresentationResponseOperation.swift */; };
		55CED16924D4993C00A2AAE2 /* SuccessHandler.swift in Sources */ = {isa = PBXBuildFile; fileRef = 55CED16824D4993C00A2AAE2 /* SuccessHandler.swift */; };
		55CED16C24D4996E00A2AAE2 /* FailureHandler.swift in Sources */ = {isa = PBXBuildFile; fileRef = 55CED16B24D4996E00A2AAE2 /* FailureHandler.swift */; };
		55CED16F24D4999700A2AAE2 /* SimpleSuccessHandler.swift in Sources */ = {isa = PBXBuildFile; fileRef = 55CED16E24D4999700A2AAE2 /* SimpleSuccessHandler.swift */; };
		55CED17224D5C50B00A2AAE2 /* SimpleFailureHandler.swift in Sources */ = {isa = PBXBuildFile; fileRef = 55CED17124D5C50B00A2AAE2 /* SimpleFailureHandler.swift */; };
		55CED17724D5C65800A2AAE2 /* FetchContractOperation.swift in Sources */ = {isa = PBXBuildFile; fileRef = 55CED17624D5C65800A2AAE2 /* FetchContractOperation.swift */; };
		55CED17A24D6002800A2AAE2 /* NoRetry.swift in Sources */ = {isa = PBXBuildFile; fileRef = 55CED17924D6002800A2AAE2 /* NoRetry.swift */; };
		55CED18224D73AAE00A2AAE2 /* HelperNetworkFunctions.swift in Sources */ = {isa = PBXBuildFile; fileRef = 55CED18124D73AAE00A2AAE2 /* HelperNetworkFunctions.swift */; };
		55CED18624D73B4200A2AAE2 /* HelperNetworkFunctionsTests.swift in Sources */ = {isa = PBXBuildFile; fileRef = 55CED18524D73B4200A2AAE2 /* HelperNetworkFunctionsTests.swift */; };
		55CED18924D89BDB00A2AAE2 /* NoRetryTests.swift in Sources */ = {isa = PBXBuildFile; fileRef = 55CED18824D89BDB00A2AAE2 /* NoRetryTests.swift */; };
		55CED18C24D89C2200A2AAE2 /* SimpleSuccessHandlerTests.swift in Sources */ = {isa = PBXBuildFile; fileRef = 55CED18B24D89C2200A2AAE2 /* SimpleSuccessHandlerTests.swift */; };
		55CED18F24D89C4D00A2AAE2 /* SimpleFailureHandlerTests.swift in Sources */ = {isa = PBXBuildFile; fileRef = 55CED18E24D89C4C00A2AAE2 /* SimpleFailureHandlerTests.swift */; };
		55D7BFF424C4CBBD0090F495 /* networking.framework in Frameworks */ = {isa = PBXBuildFile; fileRef = 55D7BFEA24C4CBBD0090F495 /* networking.framework */; };
		55D7BFFB24C4CBBD0090F495 /* networking.h in Headers */ = {isa = PBXBuildFile; fileRef = 55D7BFED24C4CBBD0090F495 /* networking.h */; settings = {ATTRIBUTES = (Public, ); }; };
		55D7C00D24C89B0F0090F495 /* networking.podspec in Resources */ = {isa = PBXBuildFile; fileRef = 55D7C00C24C89B0E0090F495 /* networking.podspec */; };
		55D7C01524C8B4D80090F495 /* RetryHandler.swift in Sources */ = {isa = PBXBuildFile; fileRef = 55D7C01424C8B4D80090F495 /* RetryHandler.swift */; };
		55D7C01B24C8BDCD0090F495 /* FetchContractOperationTests.swift in Sources */ = {isa = PBXBuildFile; fileRef = 55D7C01A24C8BDCD0090F495 /* FetchContractOperationTests.swift */; };
		55D7C01E24C8D9440090F495 /* UrlProtocolMock.swift in Sources */ = {isa = PBXBuildFile; fileRef = 55D7C01D24C8D9440090F495 /* UrlProtocolMock.swift */; };
		72ACEF917C1C3DF81E2A2627 /* Pods_networking_networkingTests.framework in Frameworks */ = {isa = PBXBuildFile; fileRef = 49E7B2003781468BAF4E1A8C /* Pods_networking_networkingTests.framework */; };
		CEF33338C36A2A08E9C8D542 /* Pods_networking.framework in Frameworks */ = {isa = PBXBuildFile; fileRef = 5D8507C0A7266239CD036FDD /* Pods_networking.framework */; };
/* End PBXBuildFile section */

/* Begin PBXContainerItemProxy section */
		55D7BFF524C4CBBD0090F495 /* PBXContainerItemProxy */ = {
			isa = PBXContainerItemProxy;
			containerPortal = 55D7BFE124C4CBBD0090F495 /* Project object */;
			proxyType = 1;
			remoteGlobalIDString = 55D7BFE924C4CBBD0090F495;
			remoteInfo = networking;
		};
/* End PBXContainerItemProxy section */

/* Begin PBXFileReference section */
		42CA1E2F2F8D3C690FE1FB6D /* Pods-networking.debug.xcconfig */ = {isa = PBXFileReference; includeInIndex = 1; lastKnownFileType = text.xcconfig; name = "Pods-networking.debug.xcconfig"; path = "Target Support Files/Pods-networking/Pods-networking.debug.xcconfig"; sourceTree = "<group>"; };
		49E7B2003781468BAF4E1A8C /* Pods_networking_networkingTests.framework */ = {isa = PBXFileReference; explicitFileType = wrapper.framework; includeInIndex = 0; path = Pods_networking_networkingTests.framework; sourceTree = BUILT_PRODUCTS_DIR; };
		5024C7EC25EB5973BB33C735 /* Pods-networking.release.xcconfig */ = {isa = PBXFileReference; includeInIndex = 1; lastKnownFileType = text.xcconfig; name = "Pods-networking.release.xcconfig"; path = "Target Support Files/Pods-networking/Pods-networking.release.xcconfig"; sourceTree = "<group>"; };
		55B8F24824C924FC0066A9E3 /* NetworkingError.swift */ = {isa = PBXFileReference; lastKnownFileType = sourcecode.swift; path = NetworkingError.swift; sourceTree = "<group>"; };
		55B8F24B24C9C9A20066A9E3 /* NetworkOperation.swift */ = {isa = PBXFileReference; lastKnownFileType = sourcecode.swift; path = NetworkOperation.swift; sourceTree = "<group>"; };
		55B8F24E24C9CB490066A9E3 /* MockSerializer.swift */ = {isa = PBXFileReference; lastKnownFileType = sourcecode.swift; path = MockSerializer.swift; sourceTree = "<group>"; };
		55CED0B924CB843800A2AAE2 /* PostPresentationResponseOperationTests.swift */ = {isa = PBXFileReference; lastKnownFileType = sourcecode.swift; path = PostPresentationResponseOperationTests.swift; sourceTree = "<group>"; };
		55CED0BE24CCB17500A2AAE2 /* NetworkingConstants.swift */ = {isa = PBXFileReference; lastKnownFileType = sourcecode.swift; path = NetworkingConstants.swift; sourceTree = "<group>"; };
		55CED0CA24CCD50F00A2AAE2 /* PostPresentationResponseOperation.swift */ = {isa = PBXFileReference; lastKnownFileType = sourcecode.swift; path = PostPresentationResponseOperation.swift; sourceTree = "<group>"; };
		55CED16824D4993C00A2AAE2 /* SuccessHandler.swift */ = {isa = PBXFileReference; lastKnownFileType = sourcecode.swift; path = SuccessHandler.swift; sourceTree = "<group>"; };
		55CED16B24D4996E00A2AAE2 /* FailureHandler.swift */ = {isa = PBXFileReference; lastKnownFileType = sourcecode.swift; path = FailureHandler.swift; sourceTree = "<group>"; };
		55CED16E24D4999700A2AAE2 /* SimpleSuccessHandler.swift */ = {isa = PBXFileReference; lastKnownFileType = sourcecode.swift; path = SimpleSuccessHandler.swift; sourceTree = "<group>"; };
		55CED17124D5C50B00A2AAE2 /* SimpleFailureHandler.swift */ = {isa = PBXFileReference; lastKnownFileType = sourcecode.swift; path = SimpleFailureHandler.swift; sourceTree = "<group>"; };
		55CED17624D5C65800A2AAE2 /* FetchContractOperation.swift */ = {isa = PBXFileReference; lastKnownFileType = sourcecode.swift; path = FetchContractOperation.swift; sourceTree = "<group>"; };
		55CED17924D6002800A2AAE2 /* NoRetry.swift */ = {isa = PBXFileReference; lastKnownFileType = sourcecode.swift; path = NoRetry.swift; sourceTree = "<group>"; };
		55CED18124D73AAE00A2AAE2 /* HelperNetworkFunctions.swift */ = {isa = PBXFileReference; lastKnownFileType = sourcecode.swift; path = HelperNetworkFunctions.swift; sourceTree = "<group>"; };
		55CED18524D73B4200A2AAE2 /* HelperNetworkFunctionsTests.swift */ = {isa = PBXFileReference; lastKnownFileType = sourcecode.swift; path = HelperNetworkFunctionsTests.swift; sourceTree = "<group>"; };
		55CED18824D89BDB00A2AAE2 /* NoRetryTests.swift */ = {isa = PBXFileReference; lastKnownFileType = sourcecode.swift; path = NoRetryTests.swift; sourceTree = "<group>"; };
		55CED18B24D89C2200A2AAE2 /* SimpleSuccessHandlerTests.swift */ = {isa = PBXFileReference; lastKnownFileType = sourcecode.swift; path = SimpleSuccessHandlerTests.swift; sourceTree = "<group>"; };
		55CED18E24D89C4C00A2AAE2 /* SimpleFailureHandlerTests.swift */ = {isa = PBXFileReference; lastKnownFileType = sourcecode.swift; path = SimpleFailureHandlerTests.swift; sourceTree = "<group>"; };
		55D7BFEA24C4CBBD0090F495 /* networking.framework */ = {isa = PBXFileReference; explicitFileType = wrapper.framework; includeInIndex = 0; path = networking.framework; sourceTree = BUILT_PRODUCTS_DIR; };
		55D7BFED24C4CBBD0090F495 /* networking.h */ = {isa = PBXFileReference; lastKnownFileType = sourcecode.c.h; path = networking.h; sourceTree = "<group>"; };
		55D7BFEE24C4CBBD0090F495 /* Info.plist */ = {isa = PBXFileReference; lastKnownFileType = text.plist.xml; path = Info.plist; sourceTree = "<group>"; };
		55D7BFF324C4CBBD0090F495 /* networkingTests.xctest */ = {isa = PBXFileReference; explicitFileType = wrapper.cfbundle; includeInIndex = 0; path = networkingTests.xctest; sourceTree = BUILT_PRODUCTS_DIR; };
		55D7BFFA24C4CBBD0090F495 /* Info.plist */ = {isa = PBXFileReference; lastKnownFileType = text.plist.xml; path = Info.plist; sourceTree = "<group>"; };
		55D7C00C24C89B0E0090F495 /* networking.podspec */ = {isa = PBXFileReference; fileEncoding = 4; lastKnownFileType = text; path = networking.podspec; sourceTree = "<group>"; };
		55D7C01424C8B4D80090F495 /* RetryHandler.swift */ = {isa = PBXFileReference; lastKnownFileType = sourcecode.swift; path = RetryHandler.swift; sourceTree = "<group>"; };
		55D7C01A24C8BDCD0090F495 /* FetchContractOperationTests.swift */ = {isa = PBXFileReference; lastKnownFileType = sourcecode.swift; path = FetchContractOperationTests.swift; sourceTree = "<group>"; };
		55D7C01D24C8D9440090F495 /* UrlProtocolMock.swift */ = {isa = PBXFileReference; lastKnownFileType = sourcecode.swift; path = UrlProtocolMock.swift; sourceTree = "<group>"; };
		5D8507C0A7266239CD036FDD /* Pods_networking.framework */ = {isa = PBXFileReference; explicitFileType = wrapper.framework; includeInIndex = 0; path = Pods_networking.framework; sourceTree = BUILT_PRODUCTS_DIR; };
		7DFC5C70E7C37B5F26B3EC9C /* Pods-networking-networkingTests.release.xcconfig */ = {isa = PBXFileReference; includeInIndex = 1; lastKnownFileType = text.xcconfig; name = "Pods-networking-networkingTests.release.xcconfig"; path = "Target Support Files/Pods-networking-networkingTests/Pods-networking-networkingTests.release.xcconfig"; sourceTree = "<group>"; };
		C39DDFD3C4C30C89ECEAB002 /* Pods-networking-networkingTests.debug.xcconfig */ = {isa = PBXFileReference; includeInIndex = 1; lastKnownFileType = text.xcconfig; name = "Pods-networking-networkingTests.debug.xcconfig"; path = "Target Support Files/Pods-networking-networkingTests/Pods-networking-networkingTests.debug.xcconfig"; sourceTree = "<group>"; };
/* End PBXFileReference section */

/* Begin PBXFrameworksBuildPhase section */
		55D7BFE724C4CBBD0090F495 /* Frameworks */ = {
			isa = PBXFrameworksBuildPhase;
			buildActionMask = 2147483647;
			files = (
				CEF33338C36A2A08E9C8D542 /* Pods_networking.framework in Frameworks */,
			);
			runOnlyForDeploymentPostprocessing = 0;
		};
		55D7BFF024C4CBBD0090F495 /* Frameworks */ = {
			isa = PBXFrameworksBuildPhase;
			buildActionMask = 2147483647;
			files = (
				55D7BFF424C4CBBD0090F495 /* networking.framework in Frameworks */,
				72ACEF917C1C3DF81E2A2627 /* Pods_networking_networkingTests.framework in Frameworks */,
			);
			runOnlyForDeploymentPostprocessing = 0;
		};
/* End PBXFrameworksBuildPhase section */

/* Begin PBXGroup section */
		55CED0AE24CB39DD00A2AAE2 /* fetch */ = {
			isa = PBXGroup;
			children = (
				55CED17624D5C65800A2AAE2 /* FetchContractOperation.swift */,
			);
			path = fetch;
			sourceTree = "<group>";
		};
		55CED0AF24CB3A0E00A2AAE2 /* post */ = {
			isa = PBXGroup;
			children = (
				55CED0CA24CCD50F00A2AAE2 /* PostPresentationResponseOperation.swift */,
			);
			path = post;
			sourceTree = "<group>";
		};
		55CED0BB24CCB0A000A2AAE2 /* operations */ = {
			isa = PBXGroup;
			children = (
				55CED0BC24CCB0AA00A2AAE2 /* fetch */,
				55CED0BD24CCB0C700A2AAE2 /* post */,
			);
			path = operations;
			sourceTree = "<group>";
		};
		55CED0BC24CCB0AA00A2AAE2 /* fetch */ = {
			isa = PBXGroup;
			children = (
				55D7C01A24C8BDCD0090F495 /* FetchContractOperationTests.swift */,
			);
			path = fetch;
			sourceTree = "<group>";
		};
		55CED0BD24CCB0C700A2AAE2 /* post */ = {
			isa = PBXGroup;
			children = (
				55CED0B924CB843800A2AAE2 /* PostPresentationResponseOperationTests.swift */,
			);
			path = post;
			sourceTree = "<group>";
		};
		55CED17424D5C62300A2AAE2 /* successHandlers */ = {
			isa = PBXGroup;
			children = (
				55CED16824D4993C00A2AAE2 /* SuccessHandler.swift */,
				55CED16E24D4999700A2AAE2 /* SimpleSuccessHandler.swift */,
			);
			path = successHandlers;
			sourceTree = "<group>";
		};
		55CED17524D5C63900A2AAE2 /* failureHandlers */ = {
			isa = PBXGroup;
			children = (
				55CED16B24D4996E00A2AAE2 /* FailureHandler.swift */,
				55CED17124D5C50B00A2AAE2 /* SimpleFailureHandler.swift */,
			);
			path = failureHandlers;
			sourceTree = "<group>";
		};
		55CED17D24D6F15A00A2AAE2 /* retryHandlers */ = {
			isa = PBXGroup;
			children = (
				55D7C01424C8B4D80090F495 /* RetryHandler.swift */,
				55CED17924D6002800A2AAE2 /* NoRetry.swift */,
			);
			path = retryHandlers;
			sourceTree = "<group>";
		};
		55CED18024D73A9400A2AAE2 /* util */ = {
			isa = PBXGroup;
			children = (
				55CED18124D73AAE00A2AAE2 /* HelperNetworkFunctions.swift */,
			);
			path = util;
			sourceTree = "<group>";
		};
		55CED18424D73B2A00A2AAE2 /* util */ = {
			isa = PBXGroup;
			children = (
				55CED18524D73B4200A2AAE2 /* HelperNetworkFunctionsTests.swift */,
			);
			path = util;
			sourceTree = "<group>";
		};
		55CED18724D89BB300A2AAE2 /* retryHandlers */ = {
			isa = PBXGroup;
			children = (
				55CED18824D89BDB00A2AAE2 /* NoRetryTests.swift */,
			);
			path = retryHandlers;
			sourceTree = "<group>";
		};
		55CED18A24D89BFD00A2AAE2 /* successHandlers */ = {
			isa = PBXGroup;
			children = (
				55CED18B24D89C2200A2AAE2 /* SimpleSuccessHandlerTests.swift */,
			);
			path = successHandlers;
			sourceTree = "<group>";
		};
		55CED18D24D89C2C00A2AAE2 /* failureHandlers */ = {
			isa = PBXGroup;
			children = (
				55CED18E24D89C4C00A2AAE2 /* SimpleFailureHandlerTests.swift */,
			);
			path = failureHandlers;
			sourceTree = "<group>";
		};
		55D7BFE024C4CBBD0090F495 = {
			isa = PBXGroup;
			children = (
				55D7C00C24C89B0E0090F495 /* networking.podspec */,
				55D7BFEC24C4CBBD0090F495 /* networking */,
				55D7BFF724C4CBBD0090F495 /* networkingTests */,
				55D7BFEB24C4CBBD0090F495 /* Products */,
				BF4B32EEF348709DF16AA070 /* Pods */,
				F96820A943825B01B3485FDC /* Frameworks */,
			);
			sourceTree = "<group>";
		};
		55D7BFEB24C4CBBD0090F495 /* Products */ = {
			isa = PBXGroup;
			children = (
				55D7BFEA24C4CBBD0090F495 /* networking.framework */,
				55D7BFF324C4CBBD0090F495 /* networkingTests.xctest */,
			);
			name = Products;
			sourceTree = "<group>";
		};
		55D7BFEC24C4CBBD0090F495 /* networking */ = {
			isa = PBXGroup;
			children = (
				55CED17524D5C63900A2AAE2 /* failureHandlers */,
				55D7C01624C8B6CB0090F495 /* operations */,
				55CED17D24D6F15A00A2AAE2 /* retryHandlers */,
				55CED17424D5C62300A2AAE2 /* successHandlers */,
				55CED18024D73A9400A2AAE2 /* util */,
				55D7BFED24C4CBBD0090F495 /* networking.h */,
				55D7BFEE24C4CBBD0090F495 /* Info.plist */,
				55B8F24E24C9CB490066A9E3 /* MockSerializer.swift */,
				55CED0BE24CCB17500A2AAE2 /* NetworkingConstants.swift */,
				55B8F24824C924FC0066A9E3 /* NetworkingError.swift */,
			);
			path = networking;
			sourceTree = "<group>";
		};
		55D7BFF724C4CBBD0090F495 /* networkingTests */ = {
			isa = PBXGroup;
			children = (
				55CED18D24D89C2C00A2AAE2 /* failureHandlers */,
				55D7C01C24C8D92B0090F495 /* mocks */,
				55CED0BB24CCB0A000A2AAE2 /* operations */,
				55CED18A24D89BFD00A2AAE2 /* successHandlers */,
				55CED18724D89BB300A2AAE2 /* retryHandlers */,
				55CED18424D73B2A00A2AAE2 /* util */,
				55D7BFFA24C4CBBD0090F495 /* Info.plist */,
			);
			path = networkingTests;
			sourceTree = "<group>";
		};
		55D7C01624C8B6CB0090F495 /* operations */ = {
			isa = PBXGroup;
			children = (
				55CED0AE24CB39DD00A2AAE2 /* fetch */,
				55CED0AF24CB3A0E00A2AAE2 /* post */,
				55B8F24B24C9C9A20066A9E3 /* NetworkOperation.swift */,
			);
			path = operations;
			sourceTree = "<group>";
		};
		55D7C01C24C8D92B0090F495 /* mocks */ = {
			isa = PBXGroup;
			children = (
				55D7C01D24C8D9440090F495 /* UrlProtocolMock.swift */,
			);
			path = mocks;
			sourceTree = "<group>";
		};
		BF4B32EEF348709DF16AA070 /* Pods */ = {
			isa = PBXGroup;
			children = (
				42CA1E2F2F8D3C690FE1FB6D /* Pods-networking.debug.xcconfig */,
				5024C7EC25EB5973BB33C735 /* Pods-networking.release.xcconfig */,
				C39DDFD3C4C30C89ECEAB002 /* Pods-networking-networkingTests.debug.xcconfig */,
				7DFC5C70E7C37B5F26B3EC9C /* Pods-networking-networkingTests.release.xcconfig */,
			);
			name = Pods;
			path = ../sdk/Pods;
			sourceTree = "<group>";
		};
		F96820A943825B01B3485FDC /* Frameworks */ = {
			isa = PBXGroup;
			children = (
				5D8507C0A7266239CD036FDD /* Pods_networking.framework */,
				49E7B2003781468BAF4E1A8C /* Pods_networking_networkingTests.framework */,
			);
			name = Frameworks;
			sourceTree = "<group>";
		};
/* End PBXGroup section */

/* Begin PBXHeadersBuildPhase section */
		55D7BFE524C4CBBD0090F495 /* Headers */ = {
			isa = PBXHeadersBuildPhase;
			buildActionMask = 2147483647;
			files = (
				55D7BFFB24C4CBBD0090F495 /* networking.h in Headers */,
			);
			runOnlyForDeploymentPostprocessing = 0;
		};
/* End PBXHeadersBuildPhase section */

/* Begin PBXNativeTarget section */
		55D7BFE924C4CBBD0090F495 /* networking */ = {
			isa = PBXNativeTarget;
			buildConfigurationList = 55D7BFFE24C4CBBE0090F495 /* Build configuration list for PBXNativeTarget "networking" */;
			buildPhases = (
				9BF3904990AD53CF858470F8 /* [CP] Check Pods Manifest.lock */,
				55D7BFE524C4CBBD0090F495 /* Headers */,
				55D7BFE624C4CBBD0090F495 /* Sources */,
				55D7BFE724C4CBBD0090F495 /* Frameworks */,
				55D7BFE824C4CBBD0090F495 /* Resources */,
			);
			buildRules = (
			);
			dependencies = (
			);
			name = networking;
			productName = networking;
			productReference = 55D7BFEA24C4CBBD0090F495 /* networking.framework */;
			productType = "com.apple.product-type.framework";
		};
		55D7BFF224C4CBBD0090F495 /* networkingTests */ = {
			isa = PBXNativeTarget;
			buildConfigurationList = 55D7C00124C4CBBE0090F495 /* Build configuration list for PBXNativeTarget "networkingTests" */;
			buildPhases = (
				16837A313CA656E1F9DC889B /* [CP] Check Pods Manifest.lock */,
				55D7BFEF24C4CBBD0090F495 /* Sources */,
				55D7BFF024C4CBBD0090F495 /* Frameworks */,
				55D7BFF124C4CBBD0090F495 /* Resources */,
				2ACFE72F64C5F9C58E00F09F /* [CP] Embed Pods Frameworks */,
			);
			buildRules = (
			);
			dependencies = (
				55D7BFF624C4CBBD0090F495 /* PBXTargetDependency */,
			);
			name = networkingTests;
			productName = networkingTests;
			productReference = 55D7BFF324C4CBBD0090F495 /* networkingTests.xctest */;
			productType = "com.apple.product-type.bundle.unit-test";
		};
/* End PBXNativeTarget section */

/* Begin PBXProject section */
		55D7BFE124C4CBBD0090F495 /* Project object */ = {
			isa = PBXProject;
			attributes = {
				LastSwiftUpdateCheck = 1150;
				LastUpgradeCheck = 1150;
				ORGANIZATIONNAME = Microsoft;
				TargetAttributes = {
					55D7BFE924C4CBBD0090F495 = {
						CreatedOnToolsVersion = 11.5;
						LastSwiftMigration = 1150;
					};
					55D7BFF224C4CBBD0090F495 = {
						CreatedOnToolsVersion = 11.5;
					};
				};
			};
			buildConfigurationList = 55D7BFE424C4CBBD0090F495 /* Build configuration list for PBXProject "networking" */;
			compatibilityVersion = "Xcode 9.3";
			developmentRegion = en;
			hasScannedForEncodings = 0;
			knownRegions = (
				en,
				Base,
			);
			mainGroup = 55D7BFE024C4CBBD0090F495;
			productRefGroup = 55D7BFEB24C4CBBD0090F495 /* Products */;
			projectDirPath = "";
			projectRoot = "";
			targets = (
				55D7BFE924C4CBBD0090F495 /* networking */,
				55D7BFF224C4CBBD0090F495 /* networkingTests */,
			);
		};
/* End PBXProject section */

/* Begin PBXResourcesBuildPhase section */
		55D7BFE824C4CBBD0090F495 /* Resources */ = {
			isa = PBXResourcesBuildPhase;
			buildActionMask = 2147483647;
			files = (
				55D7C00D24C89B0F0090F495 /* networking.podspec in Resources */,
			);
			runOnlyForDeploymentPostprocessing = 0;
		};
		55D7BFF124C4CBBD0090F495 /* Resources */ = {
			isa = PBXResourcesBuildPhase;
			buildActionMask = 2147483647;
			files = (
			);
			runOnlyForDeploymentPostprocessing = 0;
		};
/* End PBXResourcesBuildPhase section */

/* Begin PBXShellScriptBuildPhase section */
		16837A313CA656E1F9DC889B /* [CP] Check Pods Manifest.lock */ = {
			isa = PBXShellScriptBuildPhase;
			buildActionMask = 2147483647;
			files = (
			);
			inputFileListPaths = (
			);
			inputPaths = (
				"${PODS_PODFILE_DIR_PATH}/Podfile.lock",
				"${PODS_ROOT}/Manifest.lock",
			);
			name = "[CP] Check Pods Manifest.lock";
			outputFileListPaths = (
			);
			outputPaths = (
				"$(DERIVED_FILE_DIR)/Pods-networking-networkingTests-checkManifestLockResult.txt",
			);
			runOnlyForDeploymentPostprocessing = 0;
			shellPath = /bin/sh;
			shellScript = "diff \"${PODS_PODFILE_DIR_PATH}/Podfile.lock\" \"${PODS_ROOT}/Manifest.lock\" > /dev/null\nif [ $? != 0 ] ; then\n    # print error to STDERR\n    echo \"error: The sandbox is not in sync with the Podfile.lock. Run 'pod install' or update your CocoaPods installation.\" >&2\n    exit 1\nfi\n# This output is used by Xcode 'outputs' to avoid re-running this script phase.\necho \"SUCCESS\" > \"${SCRIPT_OUTPUT_FILE_0}\"\n";
			showEnvVarsInLog = 0;
		};
		2ACFE72F64C5F9C58E00F09F /* [CP] Embed Pods Frameworks */ = {
			isa = PBXShellScriptBuildPhase;
			buildActionMask = 2147483647;
			files = (
			);
			inputFileListPaths = (
				"${PODS_ROOT}/Target Support Files/Pods-networking-networkingTests/Pods-networking-networkingTests-frameworks-${CONFIGURATION}-input-files.xcfilelist",
			);
			name = "[CP] Embed Pods Frameworks";
			outputFileListPaths = (
				"${PODS_ROOT}/Target Support Files/Pods-networking-networkingTests/Pods-networking-networkingTests-frameworks-${CONFIGURATION}-output-files.xcfilelist",
			);
			runOnlyForDeploymentPostprocessing = 0;
			shellPath = /bin/sh;
			shellScript = "\"${PODS_ROOT}/Target Support Files/Pods-networking-networkingTests/Pods-networking-networkingTests-frameworks.sh\"\n";
			showEnvVarsInLog = 0;
		};
		9BF3904990AD53CF858470F8 /* [CP] Check Pods Manifest.lock */ = {
			isa = PBXShellScriptBuildPhase;
			buildActionMask = 2147483647;
			files = (
			);
			inputFileListPaths = (
			);
			inputPaths = (
				"${PODS_PODFILE_DIR_PATH}/Podfile.lock",
				"${PODS_ROOT}/Manifest.lock",
			);
			name = "[CP] Check Pods Manifest.lock";
			outputFileListPaths = (
			);
			outputPaths = (
				"$(DERIVED_FILE_DIR)/Pods-networking-checkManifestLockResult.txt",
			);
			runOnlyForDeploymentPostprocessing = 0;
			shellPath = /bin/sh;
			shellScript = "diff \"${PODS_PODFILE_DIR_PATH}/Podfile.lock\" \"${PODS_ROOT}/Manifest.lock\" > /dev/null\nif [ $? != 0 ] ; then\n    # print error to STDERR\n    echo \"error: The sandbox is not in sync with the Podfile.lock. Run 'pod install' or update your CocoaPods installation.\" >&2\n    exit 1\nfi\n# This output is used by Xcode 'outputs' to avoid re-running this script phase.\necho \"SUCCESS\" > \"${SCRIPT_OUTPUT_FILE_0}\"\n";
			showEnvVarsInLog = 0;
		};
/* End PBXShellScriptBuildPhase section */

/* Begin PBXSourcesBuildPhase section */
		55D7BFE624C4CBBD0090F495 /* Sources */ = {
			isa = PBXSourcesBuildPhase;
			buildActionMask = 2147483647;
			files = (
				55CED16924D4993C00A2AAE2 /* SuccessHandler.swift in Sources */,
				55CED18224D73AAE00A2AAE2 /* HelperNetworkFunctions.swift in Sources */,
				55CED0CB24CCD50F00A2AAE2 /* PostPresentationResponseOperation.swift in Sources */,
				55CED0BF24CCB17500A2AAE2 /* NetworkingConstants.swift in Sources */,
				55B8F24F24C9CB490066A9E3 /* MockSerializer.swift in Sources */,
				55CED17224D5C50B00A2AAE2 /* SimpleFailureHandler.swift in Sources */,
				55B8F24924C924FC0066A9E3 /* NetworkingError.swift in Sources */,
				55CED16F24D4999700A2AAE2 /* SimpleSuccessHandler.swift in Sources */,
				55CED17A24D6002800A2AAE2 /* NoRetry.swift in Sources */,
				55CED16C24D4996E00A2AAE2 /* FailureHandler.swift in Sources */,
				55D7C01524C8B4D80090F495 /* RetryHandler.swift in Sources */,
				55B8F24C24C9C9A20066A9E3 /* NetworkOperation.swift in Sources */,
				55CED17724D5C65800A2AAE2 /* FetchContractOperation.swift in Sources */,
			);
			runOnlyForDeploymentPostprocessing = 0;
		};
		55D7BFEF24C4CBBD0090F495 /* Sources */ = {
			isa = PBXSourcesBuildPhase;
			buildActionMask = 2147483647;
			files = (
				55D7C01B24C8BDCD0090F495 /* FetchContractOperationTests.swift in Sources */,
				55CED18C24D89C2200A2AAE2 /* SimpleSuccessHandlerTests.swift in Sources */,
				55CED18624D73B4200A2AAE2 /* HelperNetworkFunctionsTests.swift in Sources */,
				55CED0BA24CB843800A2AAE2 /* PostPresentationResponseOperationTests.swift in Sources */,
				55CED18924D89BDB00A2AAE2 /* NoRetryTests.swift in Sources */,
				55CED18F24D89C4D00A2AAE2 /* SimpleFailureHandlerTests.swift in Sources */,
				55D7C01E24C8D9440090F495 /* UrlProtocolMock.swift in Sources */,
			);
			runOnlyForDeploymentPostprocessing = 0;
		};
/* End PBXSourcesBuildPhase section */

/* Begin PBXTargetDependency section */
		55D7BFF624C4CBBD0090F495 /* PBXTargetDependency */ = {
			isa = PBXTargetDependency;
			target = 55D7BFE924C4CBBD0090F495 /* networking */;
			targetProxy = 55D7BFF524C4CBBD0090F495 /* PBXContainerItemProxy */;
		};
/* End PBXTargetDependency section */

/* Begin XCBuildConfiguration section */
		55D7BFFC24C4CBBE0090F495 /* Debug */ = {
			isa = XCBuildConfiguration;
			buildSettings = {
				ALWAYS_SEARCH_USER_PATHS = NO;
				CLANG_ANALYZER_NONNULL = YES;
				CLANG_ANALYZER_NUMBER_OBJECT_CONVERSION = YES_AGGRESSIVE;
				CLANG_CXX_LANGUAGE_STANDARD = "gnu++14";
				CLANG_CXX_LIBRARY = "libc++";
				CLANG_ENABLE_MODULES = YES;
				CLANG_ENABLE_OBJC_ARC = YES;
				CLANG_ENABLE_OBJC_WEAK = YES;
				CLANG_WARN_BLOCK_CAPTURE_AUTORELEASING = YES;
				CLANG_WARN_BOOL_CONVERSION = YES;
				CLANG_WARN_COMMA = YES;
				CLANG_WARN_CONSTANT_CONVERSION = YES;
				CLANG_WARN_DEPRECATED_OBJC_IMPLEMENTATIONS = YES;
				CLANG_WARN_DIRECT_OBJC_ISA_USAGE = YES_ERROR;
				CLANG_WARN_DOCUMENTATION_COMMENTS = YES;
				CLANG_WARN_EMPTY_BODY = YES;
				CLANG_WARN_ENUM_CONVERSION = YES;
				CLANG_WARN_INFINITE_RECURSION = YES;
				CLANG_WARN_INT_CONVERSION = YES;
				CLANG_WARN_NON_LITERAL_NULL_CONVERSION = YES;
				CLANG_WARN_OBJC_IMPLICIT_RETAIN_SELF = YES;
				CLANG_WARN_OBJC_LITERAL_CONVERSION = YES;
				CLANG_WARN_OBJC_ROOT_CLASS = YES_ERROR;
				CLANG_WARN_RANGE_LOOP_ANALYSIS = YES;
				CLANG_WARN_STRICT_PROTOTYPES = YES;
				CLANG_WARN_SUSPICIOUS_MOVE = YES;
				CLANG_WARN_UNGUARDED_AVAILABILITY = YES_AGGRESSIVE;
				CLANG_WARN_UNREACHABLE_CODE = YES;
				CLANG_WARN__DUPLICATE_METHOD_MATCH = YES;
				COPY_PHASE_STRIP = NO;
				CURRENT_PROJECT_VERSION = 1;
				DEBUG_INFORMATION_FORMAT = dwarf;
				ENABLE_STRICT_OBJC_MSGSEND = YES;
				ENABLE_TESTABILITY = YES;
				GCC_C_LANGUAGE_STANDARD = gnu11;
				GCC_DYNAMIC_NO_PIC = NO;
				GCC_NO_COMMON_BLOCKS = YES;
				GCC_OPTIMIZATION_LEVEL = 0;
				GCC_PREPROCESSOR_DEFINITIONS = (
					"DEBUG=1",
					"$(inherited)",
				);
				GCC_WARN_64_TO_32_BIT_CONVERSION = YES;
				GCC_WARN_ABOUT_RETURN_TYPE = YES_ERROR;
				GCC_WARN_UNDECLARED_SELECTOR = YES;
				GCC_WARN_UNINITIALIZED_AUTOS = YES_AGGRESSIVE;
				GCC_WARN_UNUSED_FUNCTION = YES;
				GCC_WARN_UNUSED_VARIABLE = YES;
				IPHONEOS_DEPLOYMENT_TARGET = 13.5;
				MTL_ENABLE_DEBUG_INFO = INCLUDE_SOURCE;
				MTL_FAST_MATH = YES;
				ONLY_ACTIVE_ARCH = YES;
				SDKROOT = iphoneos;
				SWIFT_ACTIVE_COMPILATION_CONDITIONS = DEBUG;
				SWIFT_OPTIMIZATION_LEVEL = "-Onone";
				VERSIONING_SYSTEM = "apple-generic";
				VERSION_INFO_PREFIX = "";
			};
			name = Debug;
		};
		55D7BFFD24C4CBBE0090F495 /* Release */ = {
			isa = XCBuildConfiguration;
			buildSettings = {
				ALWAYS_SEARCH_USER_PATHS = NO;
				CLANG_ANALYZER_NONNULL = YES;
				CLANG_ANALYZER_NUMBER_OBJECT_CONVERSION = YES_AGGRESSIVE;
				CLANG_CXX_LANGUAGE_STANDARD = "gnu++14";
				CLANG_CXX_LIBRARY = "libc++";
				CLANG_ENABLE_MODULES = YES;
				CLANG_ENABLE_OBJC_ARC = YES;
				CLANG_ENABLE_OBJC_WEAK = YES;
				CLANG_WARN_BLOCK_CAPTURE_AUTORELEASING = YES;
				CLANG_WARN_BOOL_CONVERSION = YES;
				CLANG_WARN_COMMA = YES;
				CLANG_WARN_CONSTANT_CONVERSION = YES;
				CLANG_WARN_DEPRECATED_OBJC_IMPLEMENTATIONS = YES;
				CLANG_WARN_DIRECT_OBJC_ISA_USAGE = YES_ERROR;
				CLANG_WARN_DOCUMENTATION_COMMENTS = YES;
				CLANG_WARN_EMPTY_BODY = YES;
				CLANG_WARN_ENUM_CONVERSION = YES;
				CLANG_WARN_INFINITE_RECURSION = YES;
				CLANG_WARN_INT_CONVERSION = YES;
				CLANG_WARN_NON_LITERAL_NULL_CONVERSION = YES;
				CLANG_WARN_OBJC_IMPLICIT_RETAIN_SELF = YES;
				CLANG_WARN_OBJC_LITERAL_CONVERSION = YES;
				CLANG_WARN_OBJC_ROOT_CLASS = YES_ERROR;
				CLANG_WARN_RANGE_LOOP_ANALYSIS = YES;
				CLANG_WARN_STRICT_PROTOTYPES = YES;
				CLANG_WARN_SUSPICIOUS_MOVE = YES;
				CLANG_WARN_UNGUARDED_AVAILABILITY = YES_AGGRESSIVE;
				CLANG_WARN_UNREACHABLE_CODE = YES;
				CLANG_WARN__DUPLICATE_METHOD_MATCH = YES;
				COPY_PHASE_STRIP = NO;
				CURRENT_PROJECT_VERSION = 1;
				DEBUG_INFORMATION_FORMAT = "dwarf-with-dsym";
				ENABLE_NS_ASSERTIONS = NO;
				ENABLE_STRICT_OBJC_MSGSEND = YES;
				GCC_C_LANGUAGE_STANDARD = gnu11;
				GCC_NO_COMMON_BLOCKS = YES;
				GCC_WARN_64_TO_32_BIT_CONVERSION = YES;
				GCC_WARN_ABOUT_RETURN_TYPE = YES_ERROR;
				GCC_WARN_UNDECLARED_SELECTOR = YES;
				GCC_WARN_UNINITIALIZED_AUTOS = YES_AGGRESSIVE;
				GCC_WARN_UNUSED_FUNCTION = YES;
				GCC_WARN_UNUSED_VARIABLE = YES;
				IPHONEOS_DEPLOYMENT_TARGET = 13.5;
				MTL_ENABLE_DEBUG_INFO = NO;
				MTL_FAST_MATH = YES;
				SDKROOT = iphoneos;
				SWIFT_COMPILATION_MODE = wholemodule;
				SWIFT_OPTIMIZATION_LEVEL = "-O";
				VALIDATE_PRODUCT = YES;
				VERSIONING_SYSTEM = "apple-generic";
				VERSION_INFO_PREFIX = "";
			};
			name = Release;
		};
		55D7BFFF24C4CBBE0090F495 /* Debug */ = {
			isa = XCBuildConfiguration;
			baseConfigurationReference = 42CA1E2F2F8D3C690FE1FB6D /* Pods-networking.debug.xcconfig */;
			buildSettings = {
				ALWAYS_EMBED_SWIFT_STANDARD_LIBRARIES = "$(inherited)";
				CLANG_ENABLE_MODULES = YES;
				CODE_SIGN_STYLE = Automatic;
				DEFINES_MODULE = YES;
				DEVELOPMENT_TEAM = UBF8T346G9;
				DYLIB_COMPATIBILITY_VERSION = 1;
				DYLIB_CURRENT_VERSION = 1;
				DYLIB_INSTALL_NAME_BASE = "@rpath";
				INFOPLIST_FILE = networking/Info.plist;
				INSTALL_PATH = "$(LOCAL_LIBRARY_DIR)/Frameworks";
				LD_RUNPATH_SEARCH_PATHS = (
					"$(inherited)",
					"@executable_path/Frameworks",
					"@loader_path/Frameworks",
				);
				MACH_O_TYPE = staticlib;
				PRODUCT_BUNDLE_IDENTIFIER = com.microsoft.networking;
				PRODUCT_NAME = "$(TARGET_NAME:c99extidentifier)";
				SKIP_INSTALL = YES;
				SWIFT_OPTIMIZATION_LEVEL = "-Onone";
				SWIFT_VERSION = 5.0;
				TARGETED_DEVICE_FAMILY = "1,2";
			};
			name = Debug;
		};
		55D7C00024C4CBBE0090F495 /* Release */ = {
			isa = XCBuildConfiguration;
			baseConfigurationReference = 5024C7EC25EB5973BB33C735 /* Pods-networking.release.xcconfig */;
			buildSettings = {
				ALWAYS_EMBED_SWIFT_STANDARD_LIBRARIES = "$(inherited)";
				CLANG_ENABLE_MODULES = YES;
				CODE_SIGN_STYLE = Automatic;
				DEFINES_MODULE = YES;
				DEVELOPMENT_TEAM = UBF8T346G9;
				DYLIB_COMPATIBILITY_VERSION = 1;
				DYLIB_CURRENT_VERSION = 1;
				DYLIB_INSTALL_NAME_BASE = "@rpath";
				INFOPLIST_FILE = networking/Info.plist;
				INSTALL_PATH = "$(LOCAL_LIBRARY_DIR)/Frameworks";
				LD_RUNPATH_SEARCH_PATHS = (
					"$(inherited)",
					"@executable_path/Frameworks",
					"@loader_path/Frameworks",
				);
				MACH_O_TYPE = staticlib;
				PRODUCT_BUNDLE_IDENTIFIER = com.microsoft.networking;
				PRODUCT_NAME = "$(TARGET_NAME:c99extidentifier)";
				SKIP_INSTALL = YES;
				SWIFT_VERSION = 5.0;
				TARGETED_DEVICE_FAMILY = "1,2";
			};
			name = Release;
		};
		55D7C00224C4CBBE0090F495 /* Debug */ = {
			isa = XCBuildConfiguration;
			baseConfigurationReference = C39DDFD3C4C30C89ECEAB002 /* Pods-networking-networkingTests.debug.xcconfig */;
			buildSettings = {
				ALWAYS_EMBED_SWIFT_STANDARD_LIBRARIES = "$(inherited)";
				CODE_SIGN_STYLE = Automatic;
				DEVELOPMENT_TEAM = UBF8T346G9;
				INFOPLIST_FILE = networkingTests/Info.plist;
				LD_RUNPATH_SEARCH_PATHS = (
					"$(inherited)",
					"@executable_path/Frameworks",
					"@loader_path/Frameworks",
				);
				PRODUCT_BUNDLE_IDENTIFIER = com.microsoft.networkingTests;
				PRODUCT_NAME = "$(TARGET_NAME)";
				SWIFT_VERSION = 5.0;
				TARGETED_DEVICE_FAMILY = "1,2";
			};
			name = Debug;
		};
		55D7C00324C4CBBE0090F495 /* Release */ = {
			isa = XCBuildConfiguration;
			baseConfigurationReference = 7DFC5C70E7C37B5F26B3EC9C /* Pods-networking-networkingTests.release.xcconfig */;
			buildSettings = {
				ALWAYS_EMBED_SWIFT_STANDARD_LIBRARIES = "$(inherited)";
				CODE_SIGN_STYLE = Automatic;
				DEVELOPMENT_TEAM = UBF8T346G9;
				INFOPLIST_FILE = networkingTests/Info.plist;
				LD_RUNPATH_SEARCH_PATHS = (
					"$(inherited)",
					"@executable_path/Frameworks",
					"@loader_path/Frameworks",
				);
				PRODUCT_BUNDLE_IDENTIFIER = com.microsoft.networkingTests;
				PRODUCT_NAME = "$(TARGET_NAME)";
				SWIFT_VERSION = 5.0;
				TARGETED_DEVICE_FAMILY = "1,2";
			};
			name = Release;
		};
/* End XCBuildConfiguration section */

/* Begin XCConfigurationList section */
		55D7BFE424C4CBBD0090F495 /* Build configuration list for PBXProject "networking" */ = {
			isa = XCConfigurationList;
			buildConfigurations = (
				55D7BFFC24C4CBBE0090F495 /* Debug */,
				55D7BFFD24C4CBBE0090F495 /* Release */,
			);
			defaultConfigurationIsVisible = 0;
			defaultConfigurationName = Release;
		};
		55D7BFFE24C4CBBE0090F495 /* Build configuration list for PBXNativeTarget "networking" */ = {
			isa = XCConfigurationList;
			buildConfigurations = (
				55D7BFFF24C4CBBE0090F495 /* Debug */,
				55D7C00024C4CBBE0090F495 /* Release */,
			);
			defaultConfigurationIsVisible = 0;
			defaultConfigurationName = Release;
		};
		55D7C00124C4CBBE0090F495 /* Build configuration list for PBXNativeTarget "networkingTests" */ = {
			isa = XCConfigurationList;
			buildConfigurations = (
				55D7C00224C4CBBE0090F495 /* Debug */,
				55D7C00324C4CBBE0090F495 /* Release */,
			);
			defaultConfigurationIsVisible = 0;
			defaultConfigurationName = Release;
		};
/* End XCConfigurationList section */
	};
	rootObject = 55D7BFE124C4CBBD0090F495 /* Project object */;
}
