<?xml version="1.0" encoding="UTF-8"?>
<Scheme
   LastUpgradeVersion = "1150"
   version = "1.3">
   <BuildAction
      parallelizeBuildables = "NO"
      buildImplicitDependencies = "YES">
      <BuildActionEntries>
         <BuildActionEntry
            buildForTesting = "YES"
            buildForRunning = "YES"
            buildForProfiling = "YES"
            buildForArchiving = "YES"
            buildForAnalyzing = "YES">
            <BuildableReference
               BuildableIdentifier = "primary"
               BlueprintIdentifier = "55D1C0B624C23408002A58F9"
               BuildableName = "sdk.framework"
               BlueprintName = "sdk"
               ReferencedContainer = "container:sdk.xcodeproj">
            </BuildableReference>
         </BuildActionEntry>
         <BuildActionEntry
            buildForTesting = "YES"
            buildForRunning = "YES"
            buildForProfiling = "YES"
            buildForArchiving = "YES"
            buildForAnalyzing = "YES">
            <BuildableReference
               BuildableIdentifier = "primary"
               BlueprintIdentifier = "92CDE7A924DC78DD00F95B5D"
               BuildableName = "VcCrypto.framework"
               BlueprintName = "VcCrypto"
               ReferencedContainer = "container:../VcCrypto/VcCrypto.xcodeproj">
            </BuildableReference>
         </BuildActionEntry>
         <BuildActionEntry
            buildForTesting = "YES"
            buildForRunning = "YES"
            buildForProfiling = "YES"
            buildForArchiving = "YES"
            buildForAnalyzing = "YES">
            <BuildableReference
               BuildableIdentifier = "primary"
               BlueprintIdentifier = "55ADE25624F5406000D9990E"
               BuildableName = "VcJwt.framework"
               BlueprintName = "VcJwt"
               ReferencedContainer = "container:../VcJwt/VcJwt.xcodeproj">
            </BuildableReference>
         </BuildActionEntry>
         <BuildActionEntry
            buildForTesting = "YES"
            buildForRunning = "YES"
            buildForProfiling = "YES"
            buildForArchiving = "YES"
            buildForAnalyzing = "YES">
            <BuildableReference
               BuildableIdentifier = "primary"
               BlueprintIdentifier = "55D7BFE924C4CBBD0090F495"
               BuildableName = "VcNetworking.framework"
               BlueprintName = "VcNetworking"
               ReferencedContainer = "container:../VcNetworking/VcNetworking.xcodeproj">
            </BuildableReference>
         </BuildActionEntry>
         <BuildActionEntry
            buildForTesting = "YES"
            buildForRunning = "YES"
            buildForProfiling = "YES"
            buildForArchiving = "YES"
            buildForAnalyzing = "YES">
            <BuildableReference
               BuildableIdentifier = "primary"
               BlueprintIdentifier = "550F1DB3250BD898009AF467"
               BuildableName = "VCRepository.framework"
               BlueprintName = "VCRepository"
               ReferencedContainer = "container:../VCRepository/VCRepository.xcodeproj">
            </BuildableReference>
         </BuildActionEntry>
         <BuildActionEntry
            buildForTesting = "YES"
            buildForRunning = "NO"
            buildForProfiling = "NO"
            buildForArchiving = "NO"
            buildForAnalyzing = "YES">
            <BuildableReference
               BuildableIdentifier = "primary"
               BlueprintIdentifier = "92CDE7B224DC78DD00F95B5D"
               BuildableName = "VcCryptoTests.xctest"
               BlueprintName = "VcCryptoTests"
               ReferencedContainer = "container:../VcCrypto/VcCrypto.xcodeproj">
            </BuildableReference>
         </BuildActionEntry>
         <BuildActionEntry
            buildForTesting = "YES"
            buildForRunning = "NO"
            buildForProfiling = "NO"
            buildForArchiving = "NO"
            buildForAnalyzing = "YES">
            <BuildableReference
               BuildableIdentifier = "primary"
               BlueprintIdentifier = "55ADE25F24F5406000D9990E"
               BuildableName = "VcJwtTests.xctest"
               BlueprintName = "VcJwtTests"
               ReferencedContainer = "container:../VcJwt/VcJwt.xcodeproj">
            </BuildableReference>
         </BuildActionEntry>
         <BuildActionEntry
            buildForTesting = "YES"
            buildForRunning = "NO"
            buildForProfiling = "NO"
            buildForArchiving = "NO"
            buildForAnalyzing = "YES">
            <BuildableReference
               BuildableIdentifier = "primary"
               BlueprintIdentifier = "55D7BFF224C4CBBD0090F495"
               BuildableName = "VcNetworkingTests.xctest"
               BlueprintName = "VcNetworkingTests"
               ReferencedContainer = "container:../VcNetworking/VcNetworking.xcodeproj">
            </BuildableReference>
         </BuildActionEntry>
         <BuildActionEntry
            buildForTesting = "YES"
            buildForRunning = "NO"
            buildForProfiling = "NO"
            buildForArchiving = "NO"
            buildForAnalyzing = "YES">
            <BuildableReference
               BuildableIdentifier = "primary"
               BlueprintIdentifier = "550F1DBC250BD898009AF467"
               BuildableName = "VCRepositoryTests.xctest"
               BlueprintName = "VCRepositoryTests"
               ReferencedContainer = "container:../VCRepository/VCRepository.xcodeproj">
            </BuildableReference>
         </BuildActionEntry>
      </BuildActionEntries>
   </BuildAction>
   <TestAction
      buildConfiguration = "Debug"
      selectedDebuggerIdentifier = "Xcode.DebuggerFoundation.Debugger.LLDB"
      selectedLauncherIdentifier = "Xcode.DebuggerFoundation.Launcher.LLDB"
      shouldUseLaunchSchemeArgsEnv = "YES">
      <Testables>
         <TestableReference
            skipped = "NO">
            <BuildableReference
               BuildableIdentifier = "primary"
               BlueprintIdentifier = "55D1C0BF24C23408002A58F9"
               BuildableName = "sdkTests.xctest"
               BlueprintName = "sdkTests"
               ReferencedContainer = "container:sdk.xcodeproj">
            </BuildableReference>
         </TestableReference>
         <TestableReference
            skipped = "NO">
            <BuildableReference
               BuildableIdentifier = "primary"
               BlueprintIdentifier = "92CDE7B224DC78DD00F95B5D"
               BuildableName = "VcCryptoTests.xctest"
               BlueprintName = "VcCryptoTests"
               ReferencedContainer = "container:../VcCrypto/VcCrypto.xcodeproj">
            </BuildableReference>
         </TestableReference>
         <TestableReference
            skipped = "NO">
            <BuildableReference
               BuildableIdentifier = "primary"
               BlueprintIdentifier = "55ADE25F24F5406000D9990E"
               BuildableName = "VcJwtTests.xctest"
               BlueprintName = "VcJwtTests"
               ReferencedContainer = "container:../VcJwt/VcJwt.xcodeproj">
            </BuildableReference>
         </TestableReference>
         <TestableReference
            skipped = "NO">
            <BuildableReference
               BuildableIdentifier = "primary"
               BlueprintIdentifier = "55D7BFF224C4CBBD0090F495"
               BuildableName = "VcNetworkingTests.xctest"
               BlueprintName = "VcNetworkingTests"
               ReferencedContainer = "container:../VcNetworking/VcNetworking.xcodeproj">
            </BuildableReference>
         </TestableReference>
      </Testables>
   </TestAction>
   <LaunchAction
      buildConfiguration = "Debug"
      selectedDebuggerIdentifier = "Xcode.DebuggerFoundation.Debugger.LLDB"
      selectedLauncherIdentifier = "Xcode.DebuggerFoundation.Launcher.LLDB"
      launchStyle = "0"
      useCustomWorkingDirectory = "NO"
      ignoresPersistentStateOnLaunch = "NO"
      debugDocumentVersioning = "YES"
      debugServiceExtension = "internal"
      allowLocationSimulation = "YES">
   </LaunchAction>
   <ProfileAction
      buildConfiguration = "Release"
      shouldUseLaunchSchemeArgsEnv = "YES"
      savedToolIdentifier = ""
      useCustomWorkingDirectory = "NO"
      debugDocumentVersioning = "YES">
      <MacroExpansion>
         <BuildableReference
            BuildableIdentifier = "primary"
            BlueprintIdentifier = "55D1C0B624C23408002A58F9"
            BuildableName = "sdk.framework"
            BlueprintName = "sdk"
            ReferencedContainer = "container:sdk.xcodeproj">
         </BuildableReference>
      </MacroExpansion>
   </ProfileAction>
   <AnalyzeAction
      buildConfiguration = "Debug">
   </AnalyzeAction>
   <ArchiveAction
      buildConfiguration = "Release"
      revealArchiveInOrganizer = "YES">
   </ArchiveAction>
</Scheme>
