// !$*UTF8*$!
{
	archiveVersion = 1;
	classes = {
	};
	objectVersion = 51;
	objects = {

/* Begin PBXBuildFile section */
		55CED10724CF37D000A2AAE2 /* VCSerialization.framework in Frameworks */ = {isa = PBXBuildFile; fileRef = 55CED0FD24CF37D000A2AAE2 /* VCSerialization.framework */; };
		55D167F724EB0B8B00AD2F98 /* VCSerialization.podspec in Resources */ = {isa = PBXBuildFile; fileRef = 55D167F624EB0B8B00AD2F98 /* VCSerialization.podspec */; };
		55D1685E24EB13F000AD2F98 /* Header.swift in Sources */ = {isa = PBXBuildFile; fileRef = 55D1684F24EB13F000AD2F98 /* Header.swift */; };
		55D1685F24EB13F000AD2F98 /* Serializable.swift in Sources */ = {isa = PBXBuildFile; fileRef = 55D1685024EB13F000AD2F98 /* Serializable.swift */; };
		55D1686024EB13F000AD2F98 /* SerializationError.swift in Sources */ = {isa = PBXBuildFile; fileRef = 55D1685124EB13F000AD2F98 /* SerializationError.swift */; };
		55D1686124EB13F100AD2F98 /* serialization.h in Headers */ = {isa = PBXBuildFile; fileRef = 55D1685224EB13F000AD2F98 /* serialization.h */; };
		55D1686224EB13F100AD2F98 /* VerifiableCredential.swift in Sources */ = {isa = PBXBuildFile; fileRef = 55D1685424EB13F000AD2F98 /* VerifiableCredential.swift */; };
		55D1686424EB13F100AD2F98 /* IssuanceServiceResponse.swift in Sources */ = {isa = PBXBuildFile; fileRef = 55D1685624EB13F000AD2F98 /* IssuanceServiceResponse.swift */; };
		55D1686524EB13F100AD2F98 /* Contract.swift in Sources */ = {isa = PBXBuildFile; fileRef = 55D1685724EB13F000AD2F98 /* Contract.swift */; };
		55D1686624EB13F100AD2F98 /* JwsToken.swift in Sources */ = {isa = PBXBuildFile; fileRef = 55D1685824EB13F000AD2F98 /* JwsToken.swift */; };
		55D1686724EB13F100AD2F98 /* String+Base64Url.swift in Sources */ = {isa = PBXBuildFile; fileRef = 55D1685A24EB13F000AD2F98 /* String+Base64Url.swift */; };
		55D1686824EB13F100AD2F98 /* JSON.swift in Sources */ = {isa = PBXBuildFile; fileRef = 55D1685B24EB13F000AD2F98 /* JSON.swift */; };
		55D1686A24EB13F100AD2F98 /* Serializer.swift in Sources */ = {isa = PBXBuildFile; fileRef = 55D1685D24EB13F000AD2F98 /* Serializer.swift */; };
		55D1687624EB13FF00AD2F98 /* MockContract.swift in Sources */ = {isa = PBXBuildFile; fileRef = 55D1686D24EB13FF00AD2F98 /* MockContract.swift */; };
		55D1687724EB13FF00AD2F98 /* IssuanceServiceResponseTests.swift in Sources */ = {isa = PBXBuildFile; fileRef = 55D1686F24EB13FF00AD2F98 /* IssuanceServiceResponseTests.swift */; };
		55D1687824EB13FF00AD2F98 /* JwsTokenTests.swift in Sources */ = {isa = PBXBuildFile; fileRef = 55D1687024EB13FF00AD2F98 /* JwsTokenTests.swift */; };
		55D1687924EB13FF00AD2F98 /* ContractTests.swift in Sources */ = {isa = PBXBuildFile; fileRef = 55D1687124EB13FF00AD2F98 /* ContractTests.swift */; };
		55D1687A24EB13FF00AD2F98 /* VerifiableCredentialTests.swift in Sources */ = {isa = PBXBuildFile; fileRef = 55D1687224EB13FF00AD2F98 /* VerifiableCredentialTests.swift */; };
		55D1687D24EB13FF00AD2F98 /* SerializerTests.swift in Sources */ = {isa = PBXBuildFile; fileRef = 55D1687524EB13FF00AD2F98 /* SerializerTests.swift */; };
		55D1688224EB195000AD2F98 /* serializationTests.swift in Sources */ = {isa = PBXBuildFile; fileRef = 55D1687324EB13FF00AD2F98 /* serializationTests.swift */; };
		55D1688724EB215600AD2F98 /* OidcClaims.swift in Sources */ = {isa = PBXBuildFile; fileRef = 55D1688624EB215600AD2F98 /* OidcClaims.swift */; };
		55D1688924EB224E00AD2F98 /* PresentationRequestClaims.swift in Sources */ = {isa = PBXBuildFile; fileRef = 55D1688824EB224E00AD2F98 /* PresentationRequestClaims.swift */; };
		55D1688B24EB27D800AD2F98 /* VcClaims.swift in Sources */ = {isa = PBXBuildFile; fileRef = 55D1688A24EB27D800AD2F98 /* VcClaims.swift */; };
		55D1688D24EB2CDF00AD2F98 /* IssuanceResponseClaims.swift in Sources */ = {isa = PBXBuildFile; fileRef = 55D1688C24EB2CDF00AD2F98 /* IssuanceResponseClaims.swift */; };
		55D1688F24EB2EB600AD2F98 /* EllipticCurvePublicKey.swift in Sources */ = {isa = PBXBuildFile; fileRef = 55D1688E24EB2EB600AD2F98 /* EllipticCurvePublicKey.swift */; };
		55D1689224EB2FD200AD2F98 /* PublicKey.swift in Sources */ = {isa = PBXBuildFile; fileRef = 55D1689124EB2FD200AD2F98 /* PublicKey.swift */; };
		55D1689424EB3A4700AD2F98 /* Secp256K1.swift in Sources */ = {isa = PBXBuildFile; fileRef = 55D1689324EB3A4700AD2F98 /* Secp256K1.swift */; };
		79DB45593C1C23E19331BEEB /* Pods_VCSerialization.framework in Frameworks */ = {isa = PBXBuildFile; fileRef = FD7F7DB466CBE55405188A76 /* Pods_VCSerialization.framework */; };
		CFF51C85EB9CAC14A1AFA571 /* Pods_VCSerialization_VCSerializationTests.framework in Frameworks */ = {isa = PBXBuildFile; fileRef = 9DD144312C906E00052E0C9F /* Pods_VCSerialization_VCSerializationTests.framework */; };
/* End PBXBuildFile section */

/* Begin PBXContainerItemProxy section */
		55CED10824CF37D000A2AAE2 /* PBXContainerItemProxy */ = {
			isa = PBXContainerItemProxy;
			containerPortal = 55CED0F424CF37D000A2AAE2 /* Project object */;
			proxyType = 1;
			remoteGlobalIDString = 55CED0FC24CF37D000A2AAE2;
			remoteInfo = serialization;
		};
/* End PBXContainerItemProxy section */

/* Begin PBXFileReference section */
		0C890FF8B35C0F391C489BEE /* Pods-VCSerialization-VCSerializationTests.release.xcconfig */ = {isa = PBXFileReference; includeInIndex = 1; lastKnownFileType = text.xcconfig; name = "Pods-VCSerialization-VCSerializationTests.release.xcconfig"; path = "Target Support Files/Pods-VCSerialization-VCSerializationTests/Pods-VCSerialization-VCSerializationTests.release.xcconfig"; sourceTree = "<group>"; };
		42CDE24428710515C8B52F8C /* Pods-serialization.debug.xcconfig */ = {isa = PBXFileReference; includeInIndex = 1; lastKnownFileType = text.xcconfig; name = "Pods-serialization.debug.xcconfig"; path = "Target Support Files/Pods-serialization/Pods-serialization.debug.xcconfig"; sourceTree = "<group>"; };
		55CED0FD24CF37D000A2AAE2 /* VCSerialization.framework */ = {isa = PBXFileReference; explicitFileType = wrapper.framework; includeInIndex = 0; path = VCSerialization.framework; sourceTree = BUILT_PRODUCTS_DIR; };
		55CED10624CF37D000A2AAE2 /* VCSerializationTests.xctest */ = {isa = PBXFileReference; explicitFileType = wrapper.cfbundle; includeInIndex = 0; path = VCSerializationTests.xctest; sourceTree = BUILT_PRODUCTS_DIR; };
		55D167F624EB0B8B00AD2F98 /* VCSerialization.podspec */ = {isa = PBXFileReference; fileEncoding = 4; lastKnownFileType = text; path = VCSerialization.podspec; sourceTree = "<group>"; xcLanguageSpecificationIdentifier = xcode.lang.ruby; };
		55D1684F24EB13F000AD2F98 /* Header.swift */ = {isa = PBXFileReference; fileEncoding = 4; lastKnownFileType = sourcecode.swift; path = Header.swift; sourceTree = "<group>"; };
		55D1685024EB13F000AD2F98 /* Serializable.swift */ = {isa = PBXFileReference; fileEncoding = 4; lastKnownFileType = sourcecode.swift; path = Serializable.swift; sourceTree = "<group>"; };
		55D1685124EB13F000AD2F98 /* SerializationError.swift */ = {isa = PBXFileReference; fileEncoding = 4; lastKnownFileType = sourcecode.swift; path = SerializationError.swift; sourceTree = "<group>"; };
		55D1685224EB13F000AD2F98 /* serialization.h */ = {isa = PBXFileReference; fileEncoding = 4; lastKnownFileType = sourcecode.c.h; path = serialization.h; sourceTree = "<group>"; };
		55D1685424EB13F000AD2F98 /* VerifiableCredential.swift */ = {isa = PBXFileReference; fileEncoding = 4; lastKnownFileType = sourcecode.swift; path = VerifiableCredential.swift; sourceTree = "<group>"; };
		55D1685624EB13F000AD2F98 /* IssuanceServiceResponse.swift */ = {isa = PBXFileReference; fileEncoding = 4; lastKnownFileType = sourcecode.swift; path = IssuanceServiceResponse.swift; sourceTree = "<group>"; };
		55D1685724EB13F000AD2F98 /* Contract.swift */ = {isa = PBXFileReference; fileEncoding = 4; lastKnownFileType = sourcecode.swift; path = Contract.swift; sourceTree = "<group>"; };
		55D1685824EB13F000AD2F98 /* JwsToken.swift */ = {isa = PBXFileReference; fileEncoding = 4; lastKnownFileType = sourcecode.swift; path = JwsToken.swift; sourceTree = "<group>"; };
		55D1685A24EB13F000AD2F98 /* String+Base64Url.swift */ = {isa = PBXFileReference; fileEncoding = 4; lastKnownFileType = sourcecode.swift; path = "String+Base64Url.swift"; sourceTree = "<group>"; };
		55D1685B24EB13F000AD2F98 /* JSON.swift */ = {isa = PBXFileReference; fileEncoding = 4; lastKnownFileType = sourcecode.swift; path = JSON.swift; sourceTree = "<group>"; };
		55D1685C24EB13F000AD2F98 /* Info.plist */ = {isa = PBXFileReference; fileEncoding = 4; lastKnownFileType = text.plist.xml; path = Info.plist; sourceTree = "<group>"; };
		55D1685D24EB13F000AD2F98 /* Serializer.swift */ = {isa = PBXFileReference; fileEncoding = 4; lastKnownFileType = sourcecode.swift; path = Serializer.swift; sourceTree = "<group>"; };
		55D1686D24EB13FF00AD2F98 /* MockContract.swift */ = {isa = PBXFileReference; fileEncoding = 4; lastKnownFileType = sourcecode.swift; path = MockContract.swift; sourceTree = "<group>"; };
		55D1686F24EB13FF00AD2F98 /* IssuanceServiceResponseTests.swift */ = {isa = PBXFileReference; fileEncoding = 4; lastKnownFileType = sourcecode.swift; path = IssuanceServiceResponseTests.swift; sourceTree = "<group>"; };
		55D1687024EB13FF00AD2F98 /* JwsTokenTests.swift */ = {isa = PBXFileReference; fileEncoding = 4; lastKnownFileType = sourcecode.swift; path = JwsTokenTests.swift; sourceTree = "<group>"; };
		55D1687124EB13FF00AD2F98 /* ContractTests.swift */ = {isa = PBXFileReference; fileEncoding = 4; lastKnownFileType = sourcecode.swift; path = ContractTests.swift; sourceTree = "<group>"; };
		55D1687224EB13FF00AD2F98 /* VerifiableCredentialTests.swift */ = {isa = PBXFileReference; fileEncoding = 4; lastKnownFileType = sourcecode.swift; path = VerifiableCredentialTests.swift; sourceTree = "<group>"; };
		55D1687324EB13FF00AD2F98 /* serializationTests.swift */ = {isa = PBXFileReference; fileEncoding = 4; lastKnownFileType = sourcecode.swift; path = serializationTests.swift; sourceTree = "<group>"; };
		55D1687424EB13FF00AD2F98 /* Info.plist */ = {isa = PBXFileReference; fileEncoding = 4; lastKnownFileType = text.plist.xml; path = Info.plist; sourceTree = "<group>"; };
		55D1687524EB13FF00AD2F98 /* SerializerTests.swift */ = {isa = PBXFileReference; fileEncoding = 4; lastKnownFileType = sourcecode.swift; path = SerializerTests.swift; sourceTree = "<group>"; };
		55D1688624EB215600AD2F98 /* OidcClaims.swift */ = {isa = PBXFileReference; lastKnownFileType = sourcecode.swift; path = OidcClaims.swift; sourceTree = "<group>"; };
		55D1688824EB224E00AD2F98 /* PresentationRequestClaims.swift */ = {isa = PBXFileReference; lastKnownFileType = sourcecode.swift; path = PresentationRequestClaims.swift; sourceTree = "<group>"; };
		55D1688A24EB27D800AD2F98 /* VcClaims.swift */ = {isa = PBXFileReference; lastKnownFileType = sourcecode.swift; path = VcClaims.swift; sourceTree = "<group>"; };
		55D1688C24EB2CDF00AD2F98 /* IssuanceResponseClaims.swift */ = {isa = PBXFileReference; lastKnownFileType = sourcecode.swift; path = IssuanceResponseClaims.swift; sourceTree = "<group>"; };
		55D1688E24EB2EB600AD2F98 /* EllipticCurvePublicKey.swift */ = {isa = PBXFileReference; lastKnownFileType = sourcecode.swift; path = EllipticCurvePublicKey.swift; sourceTree = "<group>"; };
		55D1689124EB2FD200AD2F98 /* PublicKey.swift */ = {isa = PBXFileReference; lastKnownFileType = sourcecode.swift; path = PublicKey.swift; sourceTree = "<group>"; };
		55D1689324EB3A4700AD2F98 /* Secp256K1.swift */ = {isa = PBXFileReference; lastKnownFileType = sourcecode.swift; path = Secp256K1.swift; sourceTree = "<group>"; };
		578A3CF596B4350F2A623A80 /* Pods-networking-serialization-serializationTests.release.xcconfig */ = {isa = PBXFileReference; includeInIndex = 1; lastKnownFileType = text.xcconfig; name = "Pods-networking-serialization-serializationTests.release.xcconfig"; path = "Target Support Files/Pods-networking-serialization-serializationTests/Pods-networking-serialization-serializationTests.release.xcconfig"; sourceTree = "<group>"; };
		7A6C5CA87C780711AF6AE3D6 /* Pods-serialization-serializationTests.release.xcconfig */ = {isa = PBXFileReference; includeInIndex = 1; lastKnownFileType = text.xcconfig; name = "Pods-serialization-serializationTests.release.xcconfig"; path = "Target Support Files/Pods-serialization-serializationTests/Pods-serialization-serializationTests.release.xcconfig"; sourceTree = "<group>"; };
		7BB8A16FC1DDEF284BA06080 /* Pods-serialization.release.xcconfig */ = {isa = PBXFileReference; includeInIndex = 1; lastKnownFileType = text.xcconfig; name = "Pods-serialization.release.xcconfig"; path = "Target Support Files/Pods-serialization/Pods-serialization.release.xcconfig"; sourceTree = "<group>"; };
		7CB9CE95447A701217819A0F /* Pods-networking-serialization.release.xcconfig */ = {isa = PBXFileReference; includeInIndex = 1; lastKnownFileType = text.xcconfig; name = "Pods-networking-serialization.release.xcconfig"; path = "Target Support Files/Pods-networking-serialization/Pods-networking-serialization.release.xcconfig"; sourceTree = "<group>"; };
		7D42C5F884B39E029ECC589C /* Pods-serialization-serializationTests.debug.xcconfig */ = {isa = PBXFileReference; includeInIndex = 1; lastKnownFileType = text.xcconfig; name = "Pods-serialization-serializationTests.debug.xcconfig"; path = "Target Support Files/Pods-serialization-serializationTests/Pods-serialization-serializationTests.debug.xcconfig"; sourceTree = "<group>"; };
		9CA125C693A3A0456B4CDE81 /* Pods-networking-serialization-serializationTests.debug.xcconfig */ = {isa = PBXFileReference; includeInIndex = 1; lastKnownFileType = text.xcconfig; name = "Pods-networking-serialization-serializationTests.debug.xcconfig"; path = "Target Support Files/Pods-networking-serialization-serializationTests/Pods-networking-serialization-serializationTests.debug.xcconfig"; sourceTree = "<group>"; };
		9DD144312C906E00052E0C9F /* Pods_VCSerialization_VCSerializationTests.framework */ = {isa = PBXFileReference; explicitFileType = wrapper.framework; includeInIndex = 0; path = Pods_VCSerialization_VCSerializationTests.framework; sourceTree = BUILT_PRODUCTS_DIR; };
		AA47D7452CFECC4B68276BB8 /* Pods-VCSerialization-VCSerializationTests.debug.xcconfig */ = {isa = PBXFileReference; includeInIndex = 1; lastKnownFileType = text.xcconfig; name = "Pods-VCSerialization-VCSerializationTests.debug.xcconfig"; path = "Target Support Files/Pods-VCSerialization-VCSerializationTests/Pods-VCSerialization-VCSerializationTests.debug.xcconfig"; sourceTree = "<group>"; };
		BF1D4B542698E979161BBA78 /* Pods-VCSerialization.release.xcconfig */ = {isa = PBXFileReference; includeInIndex = 1; lastKnownFileType = text.xcconfig; name = "Pods-VCSerialization.release.xcconfig"; path = "Target Support Files/Pods-VCSerialization/Pods-VCSerialization.release.xcconfig"; sourceTree = "<group>"; };
		CDF10049AA712243D4BFFCFE /* Pods-VCSerialization.debug.xcconfig */ = {isa = PBXFileReference; includeInIndex = 1; lastKnownFileType = text.xcconfig; name = "Pods-VCSerialization.debug.xcconfig"; path = "Target Support Files/Pods-VCSerialization/Pods-VCSerialization.debug.xcconfig"; sourceTree = "<group>"; };
		D20CE552BB783AD6D22A83AA /* Pods-networking-serialization.debug.xcconfig */ = {isa = PBXFileReference; includeInIndex = 1; lastKnownFileType = text.xcconfig; name = "Pods-networking-serialization.debug.xcconfig"; path = "Target Support Files/Pods-networking-serialization/Pods-networking-serialization.debug.xcconfig"; sourceTree = "<group>"; };
		FD7F7DB466CBE55405188A76 /* Pods_VCSerialization.framework */ = {isa = PBXFileReference; explicitFileType = wrapper.framework; includeInIndex = 0; path = Pods_VCSerialization.framework; sourceTree = BUILT_PRODUCTS_DIR; };
/* End PBXFileReference section */

/* Begin PBXFrameworksBuildPhase section */
		55CED0FA24CF37D000A2AAE2 /* Frameworks */ = {
			isa = PBXFrameworksBuildPhase;
			buildActionMask = 2147483647;
			files = (
				79DB45593C1C23E19331BEEB /* Pods_VCSerialization.framework in Frameworks */,
			);
			runOnlyForDeploymentPostprocessing = 0;
		};
		55CED10324CF37D000A2AAE2 /* Frameworks */ = {
			isa = PBXFrameworksBuildPhase;
			buildActionMask = 2147483647;
			files = (
				55CED10724CF37D000A2AAE2 /* VCSerialization.framework in Frameworks */,
				CFF51C85EB9CAC14A1AFA571 /* Pods_VCSerialization_VCSerializationTests.framework in Frameworks */,
			);
			runOnlyForDeploymentPostprocessing = 0;
		};
/* End PBXFrameworksBuildPhase section */

/* Begin PBXGroup section */
		0D83C8629C6355FA2F0F5254 /* Pods */ = {
			isa = PBXGroup;
			children = (
				42CDE24428710515C8B52F8C /* Pods-serialization.debug.xcconfig */,
				7BB8A16FC1DDEF284BA06080 /* Pods-serialization.release.xcconfig */,
				7D42C5F884B39E029ECC589C /* Pods-serialization-serializationTests.debug.xcconfig */,
				7A6C5CA87C780711AF6AE3D6 /* Pods-serialization-serializationTests.release.xcconfig */,
				D20CE552BB783AD6D22A83AA /* Pods-networking-serialization.debug.xcconfig */,
				7CB9CE95447A701217819A0F /* Pods-networking-serialization.release.xcconfig */,
				9CA125C693A3A0456B4CDE81 /* Pods-networking-serialization-serializationTests.debug.xcconfig */,
				578A3CF596B4350F2A623A80 /* Pods-networking-serialization-serializationTests.release.xcconfig */,
				CDF10049AA712243D4BFFCFE /* Pods-VCSerialization.debug.xcconfig */,
				BF1D4B542698E979161BBA78 /* Pods-VCSerialization.release.xcconfig */,
				AA47D7452CFECC4B68276BB8 /* Pods-VCSerialization-VCSerializationTests.debug.xcconfig */,
				0C890FF8B35C0F391C489BEE /* Pods-VCSerialization-VCSerializationTests.release.xcconfig */,
			);
			name = Pods;
			path = ../sdk/Pods;
			sourceTree = "<group>";
		};
		55CED0F324CF37D000A2AAE2 = {
			isa = PBXGroup;
			children = (
				55D167F624EB0B8B00AD2F98 /* VCSerialization.podspec */,
				55D1684D24EB13F000AD2F98 /* VCSerialization */,
				55D1686B24EB13FF00AD2F98 /* VCSerializationTests */,
				55CED0FE24CF37D000A2AAE2 /* Products */,
				0D83C8629C6355FA2F0F5254 /* Pods */,
				7E545D82B01E9FE64E7DFD35 /* Frameworks */,
			);
			sourceTree = "<group>";
		};
		55CED0FE24CF37D000A2AAE2 /* Products */ = {
			isa = PBXGroup;
			children = (
				55CED0FD24CF37D000A2AAE2 /* VCSerialization.framework */,
				55CED10624CF37D000A2AAE2 /* VCSerializationTests.xctest */,
			);
			name = Products;
			sourceTree = "<group>";
		};
		55D1684D24EB13F000AD2F98 /* VCSerialization */ = {
			isa = PBXGroup;
			children = (
				55D1689024EB2FBC00AD2F98 /* publicKeys */,
				55D1684E24EB13F000AD2F98 /* jwt */,
				55D1685024EB13F000AD2F98 /* Serializable.swift */,
				55D1685124EB13F000AD2F98 /* SerializationError.swift */,
				55D1685224EB13F000AD2F98 /* serialization.h */,
				55D1685324EB13F000AD2F98 /* models */,
				55D1685924EB13F000AD2F98 /* extensions */,
				55D1685C24EB13F000AD2F98 /* Info.plist */,
				55D1685D24EB13F000AD2F98 /* Serializer.swift */,
			);
			path = VCSerialization;
			sourceTree = "<group>";
		};
		55D1684E24EB13F000AD2F98 /* jwt */ = {
			isa = PBXGroup;
			children = (
				55D1684F24EB13F000AD2F98 /* Header.swift */,
				55D1688624EB215600AD2F98 /* OidcClaims.swift */,
				55D1688824EB224E00AD2F98 /* PresentationRequestClaims.swift */,
				55D1688A24EB27D800AD2F98 /* VcClaims.swift */,
				55D1688C24EB2CDF00AD2F98 /* IssuanceResponseClaims.swift */,
				55D1685824EB13F000AD2F98 /* JwsToken.swift */,
				55D1689324EB3A4700AD2F98 /* Secp256K1.swift */,
			);
			path = jwt;
			sourceTree = "<group>";
		};
		55D1685324EB13F000AD2F98 /* models */ = {
			isa = PBXGroup;
			children = (
				55D1685424EB13F000AD2F98 /* VerifiableCredential.swift */,
				55D1685624EB13F000AD2F98 /* IssuanceServiceResponse.swift */,
				55D1685724EB13F000AD2F98 /* Contract.swift */,
			);
			path = models;
			sourceTree = "<group>";
		};
		55D1685924EB13F000AD2F98 /* extensions */ = {
			isa = PBXGroup;
			children = (
				55D1685A24EB13F000AD2F98 /* String+Base64Url.swift */,
				55D1685B24EB13F000AD2F98 /* JSON.swift */,
			);
			path = extensions;
			sourceTree = "<group>";
		};
		55D1686B24EB13FF00AD2F98 /* VCSerializationTests */ = {
			isa = PBXGroup;
			children = (
				55D1686C24EB13FF00AD2F98 /* mocks */,
				55D1686E24EB13FF00AD2F98 /* models */,
				55D1687324EB13FF00AD2F98 /* serializationTests.swift */,
				55D1687424EB13FF00AD2F98 /* Info.plist */,
				55D1687524EB13FF00AD2F98 /* SerializerTests.swift */,
			);
			path = VCSerializationTests;
			sourceTree = "<group>";
		};
		55D1686C24EB13FF00AD2F98 /* mocks */ = {
			isa = PBXGroup;
			children = (
				55D1686D24EB13FF00AD2F98 /* MockContract.swift */,
			);
			path = mocks;
			sourceTree = "<group>";
		};
		55D1686E24EB13FF00AD2F98 /* models */ = {
			isa = PBXGroup;
			children = (
				55D1686F24EB13FF00AD2F98 /* IssuanceServiceResponseTests.swift */,
				55D1687024EB13FF00AD2F98 /* JwsTokenTests.swift */,
				55D1687124EB13FF00AD2F98 /* ContractTests.swift */,
				55D1687224EB13FF00AD2F98 /* VerifiableCredentialTests.swift */,
			);
			path = models;
			sourceTree = "<group>";
		};
		55D1689024EB2FBC00AD2F98 /* publicKeys */ = {
			isa = PBXGroup;
			children = (
				55D1688E24EB2EB600AD2F98 /* EllipticCurvePublicKey.swift */,
				55D1689124EB2FD200AD2F98 /* PublicKey.swift */,
			);
			path = publicKeys;
			sourceTree = "<group>";
		};
		7E545D82B01E9FE64E7DFD35 /* Frameworks */ = {
			isa = PBXGroup;
			children = (
				FD7F7DB466CBE55405188A76 /* Pods_VCSerialization.framework */,
				9DD144312C906E00052E0C9F /* Pods_VCSerialization_VCSerializationTests.framework */,
			);
			name = Frameworks;
			sourceTree = "<group>";
		};
/* End PBXGroup section */

/* Begin PBXHeadersBuildPhase section */
		55CED0F824CF37D000A2AAE2 /* Headers */ = {
			isa = PBXHeadersBuildPhase;
			buildActionMask = 2147483647;
			files = (
				55D1686124EB13F100AD2F98 /* serialization.h in Headers */,
			);
			runOnlyForDeploymentPostprocessing = 0;
		};
/* End PBXHeadersBuildPhase section */

/* Begin PBXNativeTarget section */
		55CED0FC24CF37D000A2AAE2 /* VCSerialization */ = {
			isa = PBXNativeTarget;
			buildConfigurationList = 55CED11124CF37D000A2AAE2 /* Build configuration list for PBXNativeTarget "VCSerialization" */;
			buildPhases = (
				2A8D793A01B0F27DE345C9AA /* [CP] Check Pods Manifest.lock */,
				55CED0F824CF37D000A2AAE2 /* Headers */,
				55CED0F924CF37D000A2AAE2 /* Sources */,
				55CED0FA24CF37D000A2AAE2 /* Frameworks */,
				55CED0FB24CF37D000A2AAE2 /* Resources */,
			);
			buildRules = (
			);
			dependencies = (
			);
			name = VCSerialization;
			productName = serialization;
			productReference = 55CED0FD24CF37D000A2AAE2 /* VCSerialization.framework */;
			productType = "com.apple.product-type.framework";
		};
		55CED10524CF37D000A2AAE2 /* VCSerializationTests */ = {
			isa = PBXNativeTarget;
			buildConfigurationList = 55CED11424CF37D000A2AAE2 /* Build configuration list for PBXNativeTarget "VCSerializationTests" */;
			buildPhases = (
				9746D78C1C7757CF4EC1C737 /* [CP] Check Pods Manifest.lock */,
				55CED10224CF37D000A2AAE2 /* Sources */,
				55CED10324CF37D000A2AAE2 /* Frameworks */,
				55CED10424CF37D000A2AAE2 /* Resources */,
			);
			buildRules = (
			);
			dependencies = (
				55CED10924CF37D000A2AAE2 /* PBXTargetDependency */,
			);
			name = VCSerializationTests;
			productName = serializationTests;
			productReference = 55CED10624CF37D000A2AAE2 /* VCSerializationTests.xctest */;
			productType = "com.apple.product-type.bundle.unit-test";
		};
/* End PBXNativeTarget section */

/* Begin PBXProject section */
		55CED0F424CF37D000A2AAE2 /* Project object */ = {
			isa = PBXProject;
			attributes = {
				LastSwiftUpdateCheck = 1150;
				LastUpgradeCheck = 1150;
				ORGANIZATIONNAME = Microsoft;
				TargetAttributes = {
					55CED0FC24CF37D000A2AAE2 = {
						CreatedOnToolsVersion = 11.5;
						LastSwiftMigration = 1150;
					};
					55CED10524CF37D000A2AAE2 = {
						CreatedOnToolsVersion = 11.5;
					};
				};
			};
			buildConfigurationList = 55CED0F724CF37D000A2AAE2 /* Build configuration list for PBXProject "VCSerialization" */;
			compatibilityVersion = "Xcode 9.3";
			developmentRegion = en;
			hasScannedForEncodings = 0;
			knownRegions = (
				en,
				Base,
			);
			mainGroup = 55CED0F324CF37D000A2AAE2;
			productRefGroup = 55CED0FE24CF37D000A2AAE2 /* Products */;
			projectDirPath = "";
			projectRoot = "";
			targets = (
				55CED0FC24CF37D000A2AAE2 /* VCSerialization */,
				55CED10524CF37D000A2AAE2 /* VCSerializationTests */,
			);
		};
/* End PBXProject section */

/* Begin PBXResourcesBuildPhase section */
		55CED0FB24CF37D000A2AAE2 /* Resources */ = {
			isa = PBXResourcesBuildPhase;
			buildActionMask = 2147483647;
			files = (
				55D167F724EB0B8B00AD2F98 /* VCSerialization.podspec in Resources */,
			);
			runOnlyForDeploymentPostprocessing = 0;
		};
		55CED10424CF37D000A2AAE2 /* Resources */ = {
			isa = PBXResourcesBuildPhase;
			buildActionMask = 2147483647;
			files = (
			);
			runOnlyForDeploymentPostprocessing = 0;
		};
/* End PBXResourcesBuildPhase section */

/* Begin PBXShellScriptBuildPhase section */
		2A8D793A01B0F27DE345C9AA /* [CP] Check Pods Manifest.lock */ = {
			isa = PBXShellScriptBuildPhase;
			buildActionMask = 2147483647;
			files = (
			);
			inputFileListPaths = (
			);
			inputPaths = (
				"${PODS_PODFILE_DIR_PATH}/Podfile.lock",
				"${PODS_ROOT}/Manifest.lock",
			);
			name = "[CP] Check Pods Manifest.lock";
			outputFileListPaths = (
			);
			outputPaths = (
				"$(DERIVED_FILE_DIR)/Pods-VCSerialization-checkManifestLockResult.txt",
			);
			runOnlyForDeploymentPostprocessing = 0;
			shellPath = /bin/sh;
			shellScript = "diff \"${PODS_PODFILE_DIR_PATH}/Podfile.lock\" \"${PODS_ROOT}/Manifest.lock\" > /dev/null\nif [ $? != 0 ] ; then\n    # print error to STDERR\n    echo \"error: The sandbox is not in sync with the Podfile.lock. Run 'pod install' or update your CocoaPods installation.\" >&2\n    exit 1\nfi\n# This output is used by Xcode 'outputs' to avoid re-running this script phase.\necho \"SUCCESS\" > \"${SCRIPT_OUTPUT_FILE_0}\"\n";
			showEnvVarsInLog = 0;
		};
		9746D78C1C7757CF4EC1C737 /* [CP] Check Pods Manifest.lock */ = {
			isa = PBXShellScriptBuildPhase;
			buildActionMask = 2147483647;
			files = (
			);
			inputFileListPaths = (
			);
			inputPaths = (
				"${PODS_PODFILE_DIR_PATH}/Podfile.lock",
				"${PODS_ROOT}/Manifest.lock",
			);
			name = "[CP] Check Pods Manifest.lock";
			outputFileListPaths = (
			);
			outputPaths = (
				"$(DERIVED_FILE_DIR)/Pods-VCSerialization-VCSerializationTests-checkManifestLockResult.txt",
			);
			runOnlyForDeploymentPostprocessing = 0;
			shellPath = /bin/sh;
			shellScript = "diff \"${PODS_PODFILE_DIR_PATH}/Podfile.lock\" \"${PODS_ROOT}/Manifest.lock\" > /dev/null\nif [ $? != 0 ] ; then\n    # print error to STDERR\n    echo \"error: The sandbox is not in sync with the Podfile.lock. Run 'pod install' or update your CocoaPods installation.\" >&2\n    exit 1\nfi\n# This output is used by Xcode 'outputs' to avoid re-running this script phase.\necho \"SUCCESS\" > \"${SCRIPT_OUTPUT_FILE_0}\"\n";
			showEnvVarsInLog = 0;
		};
/* End PBXShellScriptBuildPhase section */

/* Begin PBXSourcesBuildPhase section */
		55CED0F924CF37D000A2AAE2 /* Sources */ = {
			isa = PBXSourcesBuildPhase;
			buildActionMask = 2147483647;
			files = (
				55D1688D24EB2CDF00AD2F98 /* IssuanceResponseClaims.swift in Sources */,
				55D1688F24EB2EB600AD2F98 /* EllipticCurvePublicKey.swift in Sources */,
				55D1686724EB13F100AD2F98 /* String+Base64Url.swift in Sources */,
				55D1688924EB224E00AD2F98 /* PresentationRequestClaims.swift in Sources */,
				55D1686624EB13F100AD2F98 /* JwsToken.swift in Sources */,
				55D1686A24EB13F100AD2F98 /* Serializer.swift in Sources */,
				55D1688B24EB27D800AD2F98 /* VcClaims.swift in Sources */,
				55D1689424EB3A4700AD2F98 /* Secp256K1.swift in Sources */,
				55D1685E24EB13F000AD2F98 /* Header.swift in Sources */,
				55D1688724EB215600AD2F98 /* OidcClaims.swift in Sources */,
				55D1689224EB2FD200AD2F98 /* PublicKey.swift in Sources */,
				55D1685F24EB13F000AD2F98 /* Serializable.swift in Sources */,
				55D1686424EB13F100AD2F98 /* IssuanceServiceResponse.swift in Sources */,
				55D1686824EB13F100AD2F98 /* JSON.swift in Sources */,
				55D1686024EB13F000AD2F98 /* SerializationError.swift in Sources */,
				55D1686224EB13F100AD2F98 /* VerifiableCredential.swift in Sources */,
				55D1686524EB13F100AD2F98 /* Contract.swift in Sources */,
			);
			runOnlyForDeploymentPostprocessing = 0;
		};
		55CED10224CF37D000A2AAE2 /* Sources */ = {
			isa = PBXSourcesBuildPhase;
			buildActionMask = 2147483647;
			files = (
				55D1688224EB195000AD2F98 /* serializationTests.swift in Sources */,
				55D1687A24EB13FF00AD2F98 /* VerifiableCredentialTests.swift in Sources */,
				55D1687D24EB13FF00AD2F98 /* SerializerTests.swift in Sources */,
				55D1687924EB13FF00AD2F98 /* ContractTests.swift in Sources */,
				55D1687724EB13FF00AD2F98 /* IssuanceServiceResponseTests.swift in Sources */,
				55D1687624EB13FF00AD2F98 /* MockContract.swift in Sources */,
				55D1687824EB13FF00AD2F98 /* JwsTokenTests.swift in Sources */,
			);
			runOnlyForDeploymentPostprocessing = 0;
		};
/* End PBXSourcesBuildPhase section */

/* Begin PBXTargetDependency section */
		55CED10924CF37D000A2AAE2 /* PBXTargetDependency */ = {
			isa = PBXTargetDependency;
			target = 55CED0FC24CF37D000A2AAE2 /* VCSerialization */;
			targetProxy = 55CED10824CF37D000A2AAE2 /* PBXContainerItemProxy */;
		};
/* End PBXTargetDependency section */

/* Begin XCBuildConfiguration section */
		55CED10F24CF37D000A2AAE2 /* Debug */ = {
			isa = XCBuildConfiguration;
			buildSettings = {
				ALWAYS_SEARCH_USER_PATHS = NO;
				CLANG_ANALYZER_NONNULL = YES;
				CLANG_ANALYZER_NUMBER_OBJECT_CONVERSION = YES_AGGRESSIVE;
				CLANG_CXX_LANGUAGE_STANDARD = "gnu++14";
				CLANG_CXX_LIBRARY = "libc++";
				CLANG_ENABLE_MODULES = YES;
				CLANG_ENABLE_OBJC_ARC = YES;
				CLANG_ENABLE_OBJC_WEAK = YES;
				CLANG_WARN_BLOCK_CAPTURE_AUTORELEASING = YES;
				CLANG_WARN_BOOL_CONVERSION = YES;
				CLANG_WARN_COMMA = YES;
				CLANG_WARN_CONSTANT_CONVERSION = YES;
				CLANG_WARN_DEPRECATED_OBJC_IMPLEMENTATIONS = YES;
				CLANG_WARN_DIRECT_OBJC_ISA_USAGE = YES_ERROR;
				CLANG_WARN_DOCUMENTATION_COMMENTS = YES;
				CLANG_WARN_EMPTY_BODY = YES;
				CLANG_WARN_ENUM_CONVERSION = YES;
				CLANG_WARN_INFINITE_RECURSION = YES;
				CLANG_WARN_INT_CONVERSION = YES;
				CLANG_WARN_NON_LITERAL_NULL_CONVERSION = YES;
				CLANG_WARN_OBJC_IMPLICIT_RETAIN_SELF = YES;
				CLANG_WARN_OBJC_LITERAL_CONVERSION = YES;
				CLANG_WARN_OBJC_ROOT_CLASS = YES_ERROR;
				CLANG_WARN_RANGE_LOOP_ANALYSIS = YES;
				CLANG_WARN_STRICT_PROTOTYPES = YES;
				CLANG_WARN_SUSPICIOUS_MOVE = YES;
				CLANG_WARN_UNGUARDED_AVAILABILITY = YES_AGGRESSIVE;
				CLANG_WARN_UNREACHABLE_CODE = YES;
				CLANG_WARN__DUPLICATE_METHOD_MATCH = YES;
				COPY_PHASE_STRIP = NO;
				CURRENT_PROJECT_VERSION = 1;
				DEBUG_INFORMATION_FORMAT = dwarf;
				ENABLE_STRICT_OBJC_MSGSEND = YES;
				ENABLE_TESTABILITY = YES;
				GCC_C_LANGUAGE_STANDARD = gnu11;
				GCC_DYNAMIC_NO_PIC = NO;
				GCC_NO_COMMON_BLOCKS = YES;
				GCC_OPTIMIZATION_LEVEL = 0;
				GCC_PREPROCESSOR_DEFINITIONS = (
					"DEBUG=1",
					"$(inherited)",
				);
				GCC_WARN_64_TO_32_BIT_CONVERSION = YES;
				GCC_WARN_ABOUT_RETURN_TYPE = YES_ERROR;
				GCC_WARN_UNDECLARED_SELECTOR = YES;
				GCC_WARN_UNINITIALIZED_AUTOS = YES_AGGRESSIVE;
				GCC_WARN_UNUSED_FUNCTION = YES;
				GCC_WARN_UNUSED_VARIABLE = YES;
				IPHONEOS_DEPLOYMENT_TARGET = 13.5;
				MTL_ENABLE_DEBUG_INFO = INCLUDE_SOURCE;
				MTL_FAST_MATH = YES;
				ONLY_ACTIVE_ARCH = YES;
				SDKROOT = iphoneos;
				SWIFT_ACTIVE_COMPILATION_CONDITIONS = DEBUG;
				SWIFT_OPTIMIZATION_LEVEL = "-Onone";
				VERSIONING_SYSTEM = "apple-generic";
				VERSION_INFO_PREFIX = "";
			};
			name = Debug;
		};
		55CED11024CF37D000A2AAE2 /* Release */ = {
			isa = XCBuildConfiguration;
			buildSettings = {
				ALWAYS_SEARCH_USER_PATHS = NO;
				CLANG_ANALYZER_NONNULL = YES;
				CLANG_ANALYZER_NUMBER_OBJECT_CONVERSION = YES_AGGRESSIVE;
				CLANG_CXX_LANGUAGE_STANDARD = "gnu++14";
				CLANG_CXX_LIBRARY = "libc++";
				CLANG_ENABLE_MODULES = YES;
				CLANG_ENABLE_OBJC_ARC = YES;
				CLANG_ENABLE_OBJC_WEAK = YES;
				CLANG_WARN_BLOCK_CAPTURE_AUTORELEASING = YES;
				CLANG_WARN_BOOL_CONVERSION = YES;
				CLANG_WARN_COMMA = YES;
				CLANG_WARN_CONSTANT_CONVERSION = YES;
				CLANG_WARN_DEPRECATED_OBJC_IMPLEMENTATIONS = YES;
				CLANG_WARN_DIRECT_OBJC_ISA_USAGE = YES_ERROR;
				CLANG_WARN_DOCUMENTATION_COMMENTS = YES;
				CLANG_WARN_EMPTY_BODY = YES;
				CLANG_WARN_ENUM_CONVERSION = YES;
				CLANG_WARN_INFINITE_RECURSION = YES;
				CLANG_WARN_INT_CONVERSION = YES;
				CLANG_WARN_NON_LITERAL_NULL_CONVERSION = YES;
				CLANG_WARN_OBJC_IMPLICIT_RETAIN_SELF = YES;
				CLANG_WARN_OBJC_LITERAL_CONVERSION = YES;
				CLANG_WARN_OBJC_ROOT_CLASS = YES_ERROR;
				CLANG_WARN_RANGE_LOOP_ANALYSIS = YES;
				CLANG_WARN_STRICT_PROTOTYPES = YES;
				CLANG_WARN_SUSPICIOUS_MOVE = YES;
				CLANG_WARN_UNGUARDED_AVAILABILITY = YES_AGGRESSIVE;
				CLANG_WARN_UNREACHABLE_CODE = YES;
				CLANG_WARN__DUPLICATE_METHOD_MATCH = YES;
				COPY_PHASE_STRIP = NO;
				CURRENT_PROJECT_VERSION = 1;
				DEBUG_INFORMATION_FORMAT = "dwarf-with-dsym";
				ENABLE_NS_ASSERTIONS = NO;
				ENABLE_STRICT_OBJC_MSGSEND = YES;
				GCC_C_LANGUAGE_STANDARD = gnu11;
				GCC_NO_COMMON_BLOCKS = YES;
				GCC_WARN_64_TO_32_BIT_CONVERSION = YES;
				GCC_WARN_ABOUT_RETURN_TYPE = YES_ERROR;
				GCC_WARN_UNDECLARED_SELECTOR = YES;
				GCC_WARN_UNINITIALIZED_AUTOS = YES_AGGRESSIVE;
				GCC_WARN_UNUSED_FUNCTION = YES;
				GCC_WARN_UNUSED_VARIABLE = YES;
				IPHONEOS_DEPLOYMENT_TARGET = 13.5;
				MTL_ENABLE_DEBUG_INFO = NO;
				MTL_FAST_MATH = YES;
				SDKROOT = iphoneos;
				SWIFT_COMPILATION_MODE = wholemodule;
				SWIFT_OPTIMIZATION_LEVEL = "-O";
				VALIDATE_PRODUCT = YES;
				VERSIONING_SYSTEM = "apple-generic";
				VERSION_INFO_PREFIX = "";
			};
			name = Release;
		};
		55CED11224CF37D000A2AAE2 /* Debug */ = {
			isa = XCBuildConfiguration;
			baseConfigurationReference = CDF10049AA712243D4BFFCFE /* Pods-VCSerialization.debug.xcconfig */;
			buildSettings = {
				ALWAYS_EMBED_SWIFT_STANDARD_LIBRARIES = "$(inherited)";
				CLANG_ENABLE_MODULES = YES;
				CODE_SIGN_STYLE = Automatic;
				DEFINES_MODULE = YES;
				DEVELOPMENT_TEAM = UBF8T346G9;
				DYLIB_COMPATIBILITY_VERSION = 1;
				DYLIB_CURRENT_VERSION = 1;
				DYLIB_INSTALL_NAME_BASE = "@rpath";
				INFOPLIST_FILE = "$(SRCROOT)/VCSerializationTests/Info.plist";
				INSTALL_PATH = "$(LOCAL_LIBRARY_DIR)/Frameworks";
				LD_RUNPATH_SEARCH_PATHS = (
					"$(inherited)",
					"@executable_path/Frameworks",
					"@loader_path/Frameworks",
				);
				MACH_O_TYPE = staticlib;
				PRODUCT_BUNDLE_IDENTIFIER = com.microsoft.serialization;
				PRODUCT_NAME = "$(TARGET_NAME:c99extidentifier)";
				SKIP_INSTALL = YES;
				SWIFT_OPTIMIZATION_LEVEL = "-Onone";
				SWIFT_VERSION = 5.0;
				TARGETED_DEVICE_FAMILY = "1,2";
			};
			name = Debug;
		};
		55CED11324CF37D000A2AAE2 /* Release */ = {
			isa = XCBuildConfiguration;
			baseConfigurationReference = BF1D4B542698E979161BBA78 /* Pods-VCSerialization.release.xcconfig */;
			buildSettings = {
				ALWAYS_EMBED_SWIFT_STANDARD_LIBRARIES = "$(inherited)";
				CLANG_ENABLE_MODULES = YES;
				CODE_SIGN_STYLE = Automatic;
				DEFINES_MODULE = YES;
				DEVELOPMENT_TEAM = UBF8T346G9;
				DYLIB_COMPATIBILITY_VERSION = 1;
				DYLIB_CURRENT_VERSION = 1;
				DYLIB_INSTALL_NAME_BASE = "@rpath";
				INFOPLIST_FILE = "$(SRCROOT)/VCSerializationTests/Info.plist";
				INSTALL_PATH = "$(LOCAL_LIBRARY_DIR)/Frameworks";
				LD_RUNPATH_SEARCH_PATHS = (
					"$(inherited)",
					"@executable_path/Frameworks",
					"@loader_path/Frameworks",
				);
				MACH_O_TYPE = staticlib;
				PRODUCT_BUNDLE_IDENTIFIER = com.microsoft.serialization;
				PRODUCT_NAME = "$(TARGET_NAME:c99extidentifier)";
				SKIP_INSTALL = YES;
				SWIFT_VERSION = 5.0;
				TARGETED_DEVICE_FAMILY = "1,2";
			};
			name = Release;
		};
		55CED11524CF37D000A2AAE2 /* Debug */ = {
			isa = XCBuildConfiguration;
			baseConfigurationReference = AA47D7452CFECC4B68276BB8 /* Pods-VCSerialization-VCSerializationTests.debug.xcconfig */;
			buildSettings = {
				ALWAYS_EMBED_SWIFT_STANDARD_LIBRARIES = "$(inherited)";
				CODE_SIGN_STYLE = Automatic;
				DEVELOPMENT_TEAM = UBF8T346G9;
				INFOPLIST_FILE = VCSerializationTests/Info.plist;
				LD_RUNPATH_SEARCH_PATHS = (
					"$(inherited)",
					"@executable_path/Frameworks",
					"@loader_path/Frameworks",
				);
				PRODUCT_BUNDLE_IDENTIFIER = com.microsoft.serializationTests;
				PRODUCT_NAME = "$(TARGET_NAME)";
				SWIFT_VERSION = 5.0;
				TARGETED_DEVICE_FAMILY = "1,2";
			};
			name = Debug;
		};
		55CED11624CF37D000A2AAE2 /* Release */ = {
			isa = XCBuildConfiguration;
			baseConfigurationReference = 0C890FF8B35C0F391C489BEE /* Pods-VCSerialization-VCSerializationTests.release.xcconfig */;
			buildSettings = {
				ALWAYS_EMBED_SWIFT_STANDARD_LIBRARIES = "$(inherited)";
				CODE_SIGN_STYLE = Automatic;
				DEVELOPMENT_TEAM = UBF8T346G9;
				INFOPLIST_FILE = VCSerializationTests/Info.plist;
				LD_RUNPATH_SEARCH_PATHS = (
					"$(inherited)",
					"@executable_path/Frameworks",
					"@loader_path/Frameworks",
				);
				PRODUCT_BUNDLE_IDENTIFIER = com.microsoft.serializationTests;
				PRODUCT_NAME = "$(TARGET_NAME)";
				SWIFT_VERSION = 5.0;
				TARGETED_DEVICE_FAMILY = "1,2";
			};
			name = Release;
		};
/* End XCBuildConfiguration section */

/* Begin XCConfigurationList section */
		55CED0F724CF37D000A2AAE2 /* Build configuration list for PBXProject "VCSerialization" */ = {
			isa = XCConfigurationList;
			buildConfigurations = (
				55CED10F24CF37D000A2AAE2 /* Debug */,
				55CED11024CF37D000A2AAE2 /* Release */,
			);
			defaultConfigurationIsVisible = 0;
			defaultConfigurationName = Release;
		};
		55CED11124CF37D000A2AAE2 /* Build configuration list for PBXNativeTarget "VCSerialization" */ = {
			isa = XCConfigurationList;
			buildConfigurations = (
				55CED11224CF37D000A2AAE2 /* Debug */,
				55CED11324CF37D000A2AAE2 /* Release */,
			);
			defaultConfigurationIsVisible = 0;
			defaultConfigurationName = Release;
		};
		55CED11424CF37D000A2AAE2 /* Build configuration list for PBXNativeTarget "VCSerializationTests" */ = {
			isa = XCConfigurationList;
			buildConfigurations = (
				55CED11524CF37D000A2AAE2 /* Debug */,
				55CED11624CF37D000A2AAE2 /* Release */,
			);
			defaultConfigurationIsVisible = 0;
			defaultConfigurationName = Release;
		};
/* End XCConfigurationList section */
	};
	rootObject = 55CED0F424CF37D000A2AAE2 /* Project object */;
}
