PODS:
  - PromiseKit (6.13.1):
    - PromiseKit/CorePromise (= 6.13.1)
    - PromiseKit/Foundation (= 6.13.1)
    - PromiseKit/UIKit (= 6.13.1)
  - PromiseKit/CorePromise (6.13.1)
  - PromiseKit/Foundation (6.13.1):
    - PromiseKit/CorePromise
  - PromiseKit/UIKit (6.13.1):
    - PromiseKit/CorePromise
  - SSZipArchive (2.2.3)

DEPENDENCIES:
  - PromiseKit
  - SSZipArchive

SPEC REPOS:
  trunk:
    - PromiseKit
    - SSZipArchive

SPEC CHECKSUMS:
  PromiseKit: 28fda91c973cc377875d8c0ea4f973013c05b6db
  SSZipArchive: 62d4947b08730e4cda640473b0066d209ff033c9

PODFILE CHECKSUM: 457f0046eb2798a796e10ec32da75c88fb09c491

COCOAPODS: 1.8.4
