PODS:
  - bitcoin-core-secp256k1 (0.1.6)
  - PromiseKit (6.8.0):
    - PromiseKit/CorePromise (= 6.8.0)
    - PromiseKit/Foundation (= 6.8.0)
    - PromiseKit/UIKit (= 6.8.0)
  - PromiseKit/CorePromise (6.8.0)
  - PromiseKit/Foundation (6.8.0):
    - PromiseKit/CorePromise
  - PromiseKit/UIKit (6.8.0):
    - PromiseKit/CorePromise
  - VcCrypto (0.0.1-beta.0):
    - bitcoin-core-secp256k1
  - VcNetworking (0.0.1-beta.0):
    - PromiseKit (= 6.8)

DEPENDENCIES:
  - bitcoin-core-secp256k1
  - PromiseKit (= 6.8)
  - VcCrypto (from `../VcCrypto`)
  - VcNetworking (from `../VcNetworking`)

SPEC REPOS:
  trunk:
    - bitcoin-core-secp256k1
    - PromiseKit

EXTERNAL SOURCES:
  VcCrypto:
    :path: "../VcCrypto"
  VcNetworking:
    :path: "../VcNetworking"

SPEC CHECKSUMS:
  bitcoin-core-secp256k1: c2f87afc7f002cd84ae89b64d32e1ff4fa282f65
  PromiseKit: 02c93833283c37ce94ef7d25de63d48d62b0754e
  VcCrypto: 2dabb8451c0dc3d549e7a326c2c3a11db6788de4
  VcNetworking: 7357df2c5af0160390e9456263f20ce0fdcabeda

PODFILE CHECKSUM: 587700893476c873d7d0f9a81b2e112be366034a

COCOAPODS: 1.8.4
